
Microsoft Visual Studio Solution File, Format Version 12.00
# Visual Studio 15
VisualStudioVersion = 15.0.28307.1169
MinimumVisualStudioVersion = 10.0.40219.1
Project("{FAE04EC0-301F-11D3-BF4B-00C04F79EFBC}") = "WPFImageViewer", "WPFImageViewer\WPFImageViewer.csproj", "{41C9C1E9-5AF9-4640-9222-25858C5C8DAB}"
EndProject
Project("{FAE04EC0-301F-11D3-BF4B-00C04F79EFBC}") = "WPFIPCameraMJPEGViewer", "WPFIPCameraMJPEGViewer\WPFIPCameraMJPEGViewer.csproj", "{3361ADA6-BED5-4D16-B7F7-0D2620352503}"
EndProject
Project("{FAE04EC0-301F-11D3-BF4B-00C04F79EFBC}") = "WPFRecording", "WPFRecording\WPFRecording.csproj", "{6CD7C17C-9125-4F70-A7EF-BE6824F58FB2}"
EndProject
Project("{FAE04EC0-301F-11D3-BF4B-00C04F79EFBC}") = "WPFScreenStreaming", "WPFScreenStreaming\WPFScreenStreaming.csproj", "{A12560C9-6A0C-47C5-9F2F-C43D22C50CCF}"
EndProject
Project("{FAE04EC0-301F-11D3-BF4B-00C04F79EFBC}") = "WPFSourceInfoViewer", "WPFSourceInfoViewer\WPFSourceInfoViewer.csproj", "{75B3BC5B-7748-459C-9656-4890A94AF687}"
EndProject
Project("{FAE04EC0-301F-11D3-BF4B-00C04F79EFBC}") = "WPFWebCamSerialShots", "WPFWebCamSerialShots\WPFWebCamSerialShots.csproj", "{96938AED-83F2-43D2-BD74-B67CB382FB0E}"
EndProject
Project("{FAE04EC0-301F-11D3-BF4B-00C04F79EFBC}") = "WPFWebCamShot", "WPFWebCamShot\WPFWebCamShot.csproj", "{B1891BC5-2498-429C-89DF-E3AB898570C0}"
EndProject
Project("{FAE04EC0-301F-11D3-BF4B-00C04F79EFBC}") = "WPFWebViewerCall", "WPFWebViewerCall\WPFWebViewerCall.csproj", "{7B82951B-5E90-4844-82D9-8346437594A3}"
EndProject
Project("{FAE04EC0-301F-11D3-BF4B-00C04F79EFBC}") = "WPFWebViewerCallback", "WPFWebViewerCallback\WPFWebViewerCallback.csproj", "{75DE20F3-0369-4EFC-AD6E-98E93C6500C9}"
EndProject
Project("{FAE04EC0-301F-11D3-BF4B-00C04F79EFBC}") = "WPFWebViewerEVR", "WPFWebViewerEVR\WPFWebViewerEVR.csproj", "{B25220E5-9C6A-4A08-9CB6-C02DB4397E9B}"
EndProject
Project("{FAE04EC0-301F-11D3-BF4B-00C04F79EFBC}") = "WindowsFormsDemo", "WindowsFormsDemo\WindowsFormsDemo.csproj", "{35C8FC27-2016-46BB-9F4E-06A3ADD1EA24}"
EndProject
Project("{FAE04EC0-301F-11D3-BF4B-00C04F79EFBC}") = "WPFViewerEVRDisplay", "WPFViewerEVRDisplay\WPFViewerEVRDisplay.csproj", "{4B59BFFA-7497-4E78-B82E-6209ED28A1A4}"
EndProject
Project("{FAE04EC0-301F-11D3-BF4B-00C04F79EFBC}") = "WPFIPCameraMJPEGMultiSourceViewer", "WPFIPCameraMJPEGMultiSourceViewer\WPFIPCameraMJPEGMultiSourceViewer.csproj", "{93DC3BC5-B09B-4B07-9F98-E28E556D21B1}"
EndProject
Project("{FAE04EC0-301F-11D3-BF4B-00C04F79EFBC}") = "WPFMultiSourceViewer", "WPFMultiSourceViewer\WPFMultiSourceViewer.csproj", "{7C507D0D-4548-46E0-9289-817F504B83F7}"
EndProject
Project("{FAE04EC0-301F-11D3-BF4B-00C04F79EFBC}") = "WPFMediaFoundationPlayer", "WPFMediaFoundationPlayer\WPFMediaFoundationPlayer.csproj", "{891256B3-7730-457D-8DC8-90A9A58663A7}"
EndProject
Project("{FAE04EC0-301F-11D3-BF4B-00C04F79EFBC}") = "WPFVideoAndAudioRecorder", "WPFVideoAndAudioRecorder\WPFVideoAndAudioRecorder.csproj", "{D0A7214E-0EB6-4531-9AF6-B3A3EF0A54FD}"
EndProject
Project("{FAE04EC0-301F-11D3-BF4B-00C04F79EFBC}") = "WPFMultiSourceRecorder", "WPFMultiSourceRecorder\WPFMultiSourceRecorder.csproj", "{DF8050E4-D7EB-4CBF-803C-252A109E05C0}"
EndProject
Project("{FAE04EC0-301F-11D3-BF4B-00C04F79EFBC}") = "WPFScreenViewer", "WPFScreenViewer\WPFScreenViewer.csproj", "{0057FFE5-0055-4791-833D-37541CB18D1B}"
EndProject
Project("{FAE04EC0-301F-11D3-BF4B-00C04F79EFBC}") = "WPFScreenRecorder", "WPFScreenRecorder\WPFScreenRecorder.csproj", "{2D66FCE1-4596-4511-8B35-BA31E18AEBD1}"
EndProject
Project("{FAE04EC0-301F-11D3-BF4B-00C04F79EFBC}") = "WPFWindowScreenRecorder", "WPFWindowScreenRecorder\WPFWindowScreenRecorder.csproj", "{C55C69D3-2FB9-4EFC-BDCF-6887F036FC98}"
EndProject
Project("{FAE04EC0-301F-11D3-BF4B-00C04F79EFBC}") = "WPFAreaScreenRecorder", "WPFAreaScreenRecorder\WPFAreaScreenRecorder.csproj", "{DD1A1E4F-AF9C-4092-AE8F-C56CAC734D74}"
EndProject
Project("{FAE04EC0-301F-11D3-BF4B-00C04F79EFBC}") = "WPFHotRecording", "WPFHotRecording\WPFHotRecording.csproj", "{91A798D6-3DE3-4B65-B641-20163A79E4AD}"
EndProject
Project("{FAE04EC0-301F-11D3-BF4B-00C04F79EFBC}") = "WPFPauseResumeRecording", "WPFPauseResumeRecording\WPFPauseResumeRecording.csproj", "{B8735E1D-D3D8-409C-ABEE-5A526A1869C7}"
EndProject
Project("{FAE04EC0-301F-11D3-BF4B-00C04F79EFBC}") = "WPFViewerTrigger", "WPFViewerTrigger\WPFViewerTrigger.csproj", "{4B35699C-430C-4D2F-A4C9-BD01ABDA681A}"
EndProject
Project("{2150E333-8FDC-42A3-9474-1A3956D46DE8}") = "InterProcessRenderer", "InterProcessRenderer", "{6EE2F598-B863-4B84-AC95-0D3A56DFB5D8}"
EndProject
Project("{FAE04EC0-301F-11D3-BF4B-00C04F79EFBC}") = "WPFInterProcessClient", "InterProcessRenderer\WPFInterProcessClient\WPFInterProcessClient.csproj", "{54274E51-C75B-41E3-B9FC-6A94ACBB055A}"
EndProject
Project("{FAE04EC0-301F-11D3-BF4B-00C04F79EFBC}") = "InterProcessRenderer", "InterProcessRenderer\Renderer\InterProcessRenderer.csproj", "{741ABBCC-4160-4102-BC16-16CEFB5D44BD}"
EndProject
Project("{FAE04EC0-301F-11D3-BF4B-00C04F79EFBC}") = "WPFDeviceInfoViewer", "WPFDeviceInfoViewer\WPFDeviceInfoViewer.csproj", "{E0DC3663-C69C-4824-A61C-06D2F13104F3}"
EndProject
Project("{FAE04EC0-301F-11D3-BF4B-00C04F79EFBC}") = "WPFWebViewerEVRHandler", "WPFWebViewerEVRHandler\WPFWebViewerEVRHandler.csproj", "{11C72821-E29F-421E-B927-561FB1D5B4CC}"
EndProject
Project("{FAE04EC0-301F-11D3-BF4B-00C04F79EFBC}") = "RTSP", "RTSP\RTSP.csproj", "{0AD96152-EB0C-4F31-B4F4-583CE88A5046}"
EndProject
Project("{FAE04EC0-301F-11D3-BF4B-00C04F79EFBC}") = "WPFDirectShowPlayer", "WPFDirectShowPlayer\WPFDirectShowPlayer.csproj", "{E04E5FB2-58CD-4C4F-AE51-74204B86087C}"
EndProject
Project("{FAE04EC0-301F-11D3-BF4B-00C04F79EFBC}") = "WPFRtspServer", "WPFRtspServer\WPFRtspServer.csproj", "{D6430557-CFA0-4A45-9C4F-369F3DF8665A}"
EndProject
Project("{FAE04EC0-301F-11D3-BF4B-00C04F79EFBC}") = "WPFRTSPClient", "WPFRTSPClient\WPFRTSPClient.csproj", "{843A5BF0-10DA-49AF-AC6A-28F32E7E8B18}"
EndProject
Project("{FAE04EC0-301F-11D3-BF4B-00C04F79EFBC}") = "WPFStreamer", "WPFStreamer\WPFStreamer.csproj", "{1C49DC3D-04B9-4A92-93BF-7AD60F27509D}"
	ProjectSection(ProjectDependencies) = postProject
		{7ACEA7A9-ADCC-43AF-B2FB-9CAFC5A6CE69} = {7ACEA7A9-ADCC-43AF-B2FB-9CAFC5A6CE69}
	EndProjectSection
EndProject
Project("{8BC9CEB8-8B4A-11D0-8D11-00A0C91BC942}") = "RTMP", "RTMP\RTMP.vcxproj", "{7ACEA7A9-ADCC-43AF-B2FB-9CAFC5A6CE69}"
EndProject
Project("{8BC9CEB8-8B4A-11D0-8D11-00A0C91BC942}") = "zlib", "3rdparty\zlib\zlib.vcxproj", "{E5FE1E52-6785-4F5B-8303-7B18121DEF21}"
EndProject
Project("{FAE04EC0-301F-11D3-BF4B-00C04F79EFBC}") = "WPFMixer", "WPFMixer\WPFMixer.csproj", "{901F6437-2BCB-493B-B6EC-4F5483F62468}"
EndProject
Project("{FAE04EC0-301F-11D3-BF4B-00C04F79EFBC}") = "WPFGIFtoVideo", "WPFGIFtoVideo\WPFGIFtoVideo.csproj", "{E897E5F8-5CD3-488E-8055-F6F1B08913AF}"
EndProject
Global
	GlobalSection(SolutionConfigurationPlatforms) = preSolution
		Debug|Any CPU = Debug|Any CPU
		Debug|Mixed Platforms = Debug|Mixed Platforms
		Debug|Win32 = Debug|Win32
		Debug|x64 = Debug|x64
		Debug|x86 = Debug|x86
		Devel|Any CPU = Devel|Any CPU
		Devel|Mixed Platforms = Devel|Mixed Platforms
		Devel|Win32 = Devel|Win32
		Devel|x64 = Devel|x64
		Devel|x86 = Devel|x86
		Release|Any CPU = Release|Any CPU
		Release|Mixed Platforms = Release|Mixed Platforms
		Release|Win32 = Release|Win32
		Release|x64 = Release|x64
		Release|x86 = Release|x86
	EndGlobalSection
	GlobalSection(ProjectConfigurationPlatforms) = postSolution
		{41C9C1E9-5AF9-4640-9222-25858C5C8DAB}.Debug|Any CPU.ActiveCfg = Release|x86
		{41C9C1E9-5AF9-4640-9222-25858C5C8DAB}.Debug|Any CPU.Build.0 = Release|x86
		{41C9C1E9-5AF9-4640-9222-25858C5C8DAB}.Debug|Mixed Platforms.ActiveCfg = Release|x86
		{41C9C1E9-5AF9-4640-9222-25858C5C8DAB}.Debug|Mixed Platforms.Build.0 = Release|x86
		{41C9C1E9-5AF9-4640-9222-25858C5C8DAB}.Debug|Win32.ActiveCfg = Release|x86
		{41C9C1E9-5AF9-4640-9222-25858C5C8DAB}.Debug|Win32.Build.0 = Release|x86
		{41C9C1E9-5AF9-4640-9222-25858C5C8DAB}.Debug|x64.ActiveCfg = Release|x86
		{41C9C1E9-5AF9-4640-9222-25858C5C8DAB}.Debug|x64.Build.0 = Release|x86
		{41C9C1E9-5AF9-4640-9222-25858C5C8DAB}.Debug|x86.ActiveCfg = Release|x86
		{41C9C1E9-5AF9-4640-9222-25858C5C8DAB}.Debug|x86.Build.0 = Release|x86
		{41C9C1E9-5AF9-4640-9222-25858C5C8DAB}.Devel|Any CPU.ActiveCfg = Debug|Any CPU
		{41C9C1E9-5AF9-4640-9222-25858C5C8DAB}.Devel|Any CPU.Build.0 = Debug|Any CPU
		{41C9C1E9-5AF9-4640-9222-25858C5C8DAB}.Devel|Mixed Platforms.ActiveCfg = Debug|x86
		{41C9C1E9-5AF9-4640-9222-25858C5C8DAB}.Devel|Mixed Platforms.Build.0 = Debug|x86
		{41C9C1E9-5AF9-4640-9222-25858C5C8DAB}.Devel|Win32.ActiveCfg = Debug|x86
		{41C9C1E9-5AF9-4640-9222-25858C5C8DAB}.Devel|Win32.Build.0 = Debug|x86
		{41C9C1E9-5AF9-4640-9222-25858C5C8DAB}.Devel|x64.ActiveCfg = Debug|x64
		{41C9C1E9-5AF9-4640-9222-25858C5C8DAB}.Devel|x64.Build.0 = Debug|x64
		{41C9C1E9-5AF9-4640-9222-25858C5C8DAB}.Devel|x86.ActiveCfg = Debug|x86
		{41C9C1E9-5AF9-4640-9222-25858C5C8DAB}.Devel|x86.Build.0 = Debug|x86
		{41C9C1E9-5AF9-4640-9222-25858C5C8DAB}.Release|Any CPU.ActiveCfg = Release|x86
		{41C9C1E9-5AF9-4640-9222-25858C5C8DAB}.Release|Any CPU.Build.0 = Release|x86
		{41C9C1E9-5AF9-4640-9222-25858C5C8DAB}.Release|Mixed Platforms.ActiveCfg = Release|x86
		{41C9C1E9-5AF9-4640-9222-25858C5C8DAB}.Release|Mixed Platforms.Build.0 = Release|x86
		{41C9C1E9-5AF9-4640-9222-25858C5C8DAB}.Release|Win32.ActiveCfg = Release|x86
		{41C9C1E9-5AF9-4640-9222-25858C5C8DAB}.Release|Win32.Build.0 = Release|x86
		{41C9C1E9-5AF9-4640-9222-25858C5C8DAB}.Release|x64.ActiveCfg = Release|x86
		{41C9C1E9-5AF9-4640-9222-25858C5C8DAB}.Release|x64.Build.0 = Release|x86
		{41C9C1E9-5AF9-4640-9222-25858C5C8DAB}.Release|x86.ActiveCfg = Release|x86
		{41C9C1E9-5AF9-4640-9222-25858C5C8DAB}.Release|x86.Build.0 = Release|x86
		{3361ADA6-BED5-4D16-B7F7-0D2620352503}.Debug|Any CPU.ActiveCfg = Release|x86
		{3361ADA6-BED5-4D16-B7F7-0D2620352503}.Debug|Any CPU.Build.0 = Release|x86
		{3361ADA6-BED5-4D16-B7F7-0D2620352503}.Debug|Mixed Platforms.ActiveCfg = Release|x86
		{3361ADA6-BED5-4D16-B7F7-0D2620352503}.Debug|Mixed Platforms.Build.0 = Release|x86
		{3361ADA6-BED5-4D16-B7F7-0D2620352503}.Debug|Win32.ActiveCfg = Release|x86
		{3361ADA6-BED5-4D16-B7F7-0D2620352503}.Debug|Win32.Build.0 = Release|x86
		{3361ADA6-BED5-4D16-B7F7-0D2620352503}.Debug|x64.ActiveCfg = Release|x86
		{3361ADA6-BED5-4D16-B7F7-0D2620352503}.Debug|x64.Build.0 = Release|x86
		{3361ADA6-BED5-4D16-B7F7-0D2620352503}.Debug|x86.ActiveCfg = Release|x86
		{3361ADA6-BED5-4D16-B7F7-0D2620352503}.Debug|x86.Build.0 = Release|x86
		{3361ADA6-BED5-4D16-B7F7-0D2620352503}.Devel|Any CPU.ActiveCfg = Debug|Any CPU
		{3361ADA6-BED5-4D16-B7F7-0D2620352503}.Devel|Any CPU.Build.0 = Debug|Any CPU
		{3361ADA6-BED5-4D16-B7F7-0D2620352503}.Devel|Mixed Platforms.ActiveCfg = Debug|x86
		{3361ADA6-BED5-4D16-B7F7-0D2620352503}.Devel|Mixed Platforms.Build.0 = Debug|x86
		{3361ADA6-BED5-4D16-B7F7-0D2620352503}.Devel|Win32.ActiveCfg = Debug|x86
		{3361ADA6-BED5-4D16-B7F7-0D2620352503}.Devel|Win32.Build.0 = Debug|x86
		{3361ADA6-BED5-4D16-B7F7-0D2620352503}.Devel|x64.ActiveCfg = Debug|x64
		{3361ADA6-BED5-4D16-B7F7-0D2620352503}.Devel|x64.Build.0 = Debug|x64
		{3361ADA6-BED5-4D16-B7F7-0D2620352503}.Devel|x86.ActiveCfg = Debug|x86
		{3361ADA6-BED5-4D16-B7F7-0D2620352503}.Devel|x86.Build.0 = Debug|x86
		{3361ADA6-BED5-4D16-B7F7-0D2620352503}.Release|Any CPU.ActiveCfg = Release|x86
		{3361ADA6-BED5-4D16-B7F7-0D2620352503}.Release|Any CPU.Build.0 = Release|x86
		{3361ADA6-BED5-4D16-B7F7-0D2620352503}.Release|Mixed Platforms.ActiveCfg = Release|x86
		{3361ADA6-BED5-4D16-B7F7-0D2620352503}.Release|Mixed Platforms.Build.0 = Release|x86
		{3361ADA6-BED5-4D16-B7F7-0D2620352503}.Release|Win32.ActiveCfg = Release|x86
		{3361ADA6-BED5-4D16-B7F7-0D2620352503}.Release|Win32.Build.0 = Release|x86
		{3361ADA6-BED5-4D16-B7F7-0D2620352503}.Release|x64.ActiveCfg = Release|x86
		{3361ADA6-BED5-4D16-B7F7-0D2620352503}.Release|x64.Build.0 = Release|x86
		{3361ADA6-BED5-4D16-B7F7-0D2620352503}.Release|x86.ActiveCfg = Release|x86
		{3361ADA6-BED5-4D16-B7F7-0D2620352503}.Release|x86.Build.0 = Release|x86
		{6CD7C17C-9125-4F70-A7EF-BE6824F58FB2}.Debug|Any CPU.ActiveCfg = Release|x86
		{6CD7C17C-9125-4F70-A7EF-BE6824F58FB2}.Debug|Any CPU.Build.0 = Release|x86
		{6CD7C17C-9125-4F70-A7EF-BE6824F58FB2}.Debug|Mixed Platforms.ActiveCfg = Release|x86
		{6CD7C17C-9125-4F70-A7EF-BE6824F58FB2}.Debug|Mixed Platforms.Build.0 = Release|x86
		{6CD7C17C-9125-4F70-A7EF-BE6824F58FB2}.Debug|Win32.ActiveCfg = Release|x86
		{6CD7C17C-9125-4F70-A7EF-BE6824F58FB2}.Debug|Win32.Build.0 = Release|x86
		{6CD7C17C-9125-4F70-A7EF-BE6824F58FB2}.Debug|x64.ActiveCfg = Release|x86
		{6CD7C17C-9125-4F70-A7EF-BE6824F58FB2}.Debug|x64.Build.0 = Release|x86
		{6CD7C17C-9125-4F70-A7EF-BE6824F58FB2}.Debug|x86.ActiveCfg = Release|x86
		{6CD7C17C-9125-4F70-A7EF-BE6824F58FB2}.Debug|x86.Build.0 = Release|x86
		{6CD7C17C-9125-4F70-A7EF-BE6824F58FB2}.Devel|Any CPU.ActiveCfg = Debug|Any CPU
		{6CD7C17C-9125-4F70-A7EF-BE6824F58FB2}.Devel|Any CPU.Build.0 = Debug|Any CPU
		{6CD7C17C-9125-4F70-A7EF-BE6824F58FB2}.Devel|Mixed Platforms.ActiveCfg = Debug|x86
		{6CD7C17C-9125-4F70-A7EF-BE6824F58FB2}.Devel|Mixed Platforms.Build.0 = Debug|x86
		{6CD7C17C-9125-4F70-A7EF-BE6824F58FB2}.Devel|Win32.ActiveCfg = Debug|x86
		{6CD7C17C-9125-4F70-A7EF-BE6824F58FB2}.Devel|Win32.Build.0 = Debug|x86
		{6CD7C17C-9125-4F70-A7EF-BE6824F58FB2}.Devel|x64.ActiveCfg = Debug|x64
		{6CD7C17C-9125-4F70-A7EF-BE6824F58FB2}.Devel|x64.Build.0 = Debug|x64
		{6CD7C17C-9125-4F70-A7EF-BE6824F58FB2}.Devel|x86.ActiveCfg = Debug|x86
		{6CD7C17C-9125-4F70-A7EF-BE6824F58FB2}.Devel|x86.Build.0 = Debug|x86
		{6CD7C17C-9125-4F70-A7EF-BE6824F58FB2}.Release|Any CPU.ActiveCfg = Release|x86
		{6CD7C17C-9125-4F70-A7EF-BE6824F58FB2}.Release|Any CPU.Build.0 = Release|x86
		{6CD7C17C-9125-4F70-A7EF-BE6824F58FB2}.Release|Mixed Platforms.ActiveCfg = Release|x86
		{6CD7C17C-9125-4F70-A7EF-BE6824F58FB2}.Release|Mixed Platforms.Build.0 = Release|x86
		{6CD7C17C-9125-4F70-A7EF-BE6824F58FB2}.Release|Win32.ActiveCfg = Release|x86
		{6CD7C17C-9125-4F70-A7EF-BE6824F58FB2}.Release|Win32.Build.0 = Release|x86
		{6CD7C17C-9125-4F70-A7EF-BE6824F58FB2}.Release|x64.ActiveCfg = Release|x86
		{6CD7C17C-9125-4F70-A7EF-BE6824F58FB2}.Release|x64.Build.0 = Release|x86
		{6CD7C17C-9125-4F70-A7EF-BE6824F58FB2}.Release|x86.ActiveCfg = Release|x86
		{6CD7C17C-9125-4F70-A7EF-BE6824F58FB2}.Release|x86.Build.0 = Release|x86
		{A12560C9-6A0C-47C5-9F2F-C43D22C50CCF}.Debug|Any CPU.ActiveCfg = Release|x86
		{A12560C9-6A0C-47C5-9F2F-C43D22C50CCF}.Debug|Any CPU.Build.0 = Release|x86
		{A12560C9-6A0C-47C5-9F2F-C43D22C50CCF}.Debug|Mixed Platforms.ActiveCfg = Release|x86
		{A12560C9-6A0C-47C5-9F2F-C43D22C50CCF}.Debug|Mixed Platforms.Build.0 = Release|x86
		{A12560C9-6A0C-47C5-9F2F-C43D22C50CCF}.Debug|Win32.ActiveCfg = Release|x86
		{A12560C9-6A0C-47C5-9F2F-C43D22C50CCF}.Debug|Win32.Build.0 = Release|x86
		{A12560C9-6A0C-47C5-9F2F-C43D22C50CCF}.Debug|x64.ActiveCfg = Release|x86
		{A12560C9-6A0C-47C5-9F2F-C43D22C50CCF}.Debug|x64.Build.0 = Release|x86
		{A12560C9-6A0C-47C5-9F2F-C43D22C50CCF}.Debug|x86.ActiveCfg = Release|x86
		{A12560C9-6A0C-47C5-9F2F-C43D22C50CCF}.Debug|x86.Build.0 = Release|x86
		{A12560C9-6A0C-47C5-9F2F-C43D22C50CCF}.Devel|Any CPU.ActiveCfg = Debug|Any CPU
		{A12560C9-6A0C-47C5-9F2F-C43D22C50CCF}.Devel|Any CPU.Build.0 = Debug|Any CPU
		{A12560C9-6A0C-47C5-9F2F-C43D22C50CCF}.Devel|Mixed Platforms.ActiveCfg = Debug|x86
		{A12560C9-6A0C-47C5-9F2F-C43D22C50CCF}.Devel|Mixed Platforms.Build.0 = Debug|x86
		{A12560C9-6A0C-47C5-9F2F-C43D22C50CCF}.Devel|Win32.ActiveCfg = Debug|x86
		{A12560C9-6A0C-47C5-9F2F-C43D22C50CCF}.Devel|Win32.Build.0 = Debug|x86
		{A12560C9-6A0C-47C5-9F2F-C43D22C50CCF}.Devel|x64.ActiveCfg = Debug|x64
		{A12560C9-6A0C-47C5-9F2F-C43D22C50CCF}.Devel|x64.Build.0 = Debug|x64
		{A12560C9-6A0C-47C5-9F2F-C43D22C50CCF}.Devel|x86.ActiveCfg = Debug|x86
		{A12560C9-6A0C-47C5-9F2F-C43D22C50CCF}.Devel|x86.Build.0 = Debug|x86
		{A12560C9-6A0C-47C5-9F2F-C43D22C50CCF}.Release|Any CPU.ActiveCfg = Release|x86
		{A12560C9-6A0C-47C5-9F2F-C43D22C50CCF}.Release|Any CPU.Build.0 = Release|x86
		{A12560C9-6A0C-47C5-9F2F-C43D22C50CCF}.Release|Mixed Platforms.ActiveCfg = Release|x86
		{A12560C9-6A0C-47C5-9F2F-C43D22C50CCF}.Release|Mixed Platforms.Build.0 = Release|x86
		{A12560C9-6A0C-47C5-9F2F-C43D22C50CCF}.Release|Win32.ActiveCfg = Release|x86
		{A12560C9-6A0C-47C5-9F2F-C43D22C50CCF}.Release|Win32.Build.0 = Release|x86
		{A12560C9-6A0C-47C5-9F2F-C43D22C50CCF}.Release|x64.ActiveCfg = Release|x86
		{A12560C9-6A0C-47C5-9F2F-C43D22C50CCF}.Release|x64.Build.0 = Release|x86
		{A12560C9-6A0C-47C5-9F2F-C43D22C50CCF}.Release|x86.ActiveCfg = Release|x86
		{A12560C9-6A0C-47C5-9F2F-C43D22C50CCF}.Release|x86.Build.0 = Release|x86
		{75B3BC5B-7748-459C-9656-4890A94AF687}.Debug|Any CPU.ActiveCfg = Release|x86
		{75B3BC5B-7748-459C-9656-4890A94AF687}.Debug|Any CPU.Build.0 = Release|x86
		{75B3BC5B-7748-459C-9656-4890A94AF687}.Debug|Mixed Platforms.ActiveCfg = Release|x86
		{75B3BC5B-7748-459C-9656-4890A94AF687}.Debug|Mixed Platforms.Build.0 = Release|x86
		{75B3BC5B-7748-459C-9656-4890A94AF687}.Debug|Win32.ActiveCfg = Release|x86
		{75B3BC5B-7748-459C-9656-4890A94AF687}.Debug|Win32.Build.0 = Release|x86
		{75B3BC5B-7748-459C-9656-4890A94AF687}.Debug|x64.ActiveCfg = Release|x86
		{75B3BC5B-7748-459C-9656-4890A94AF687}.Debug|x64.Build.0 = Release|x86
		{75B3BC5B-7748-459C-9656-4890A94AF687}.Debug|x86.ActiveCfg = Release|x86
		{75B3BC5B-7748-459C-9656-4890A94AF687}.Debug|x86.Build.0 = Release|x86
		{75B3BC5B-7748-459C-9656-4890A94AF687}.Devel|Any CPU.ActiveCfg = Debug|Any CPU
		{75B3BC5B-7748-459C-9656-4890A94AF687}.Devel|Any CPU.Build.0 = Debug|Any CPU
		{75B3BC5B-7748-459C-9656-4890A94AF687}.Devel|Mixed Platforms.ActiveCfg = Debug|x86
		{75B3BC5B-7748-459C-9656-4890A94AF687}.Devel|Mixed Platforms.Build.0 = Debug|x86
		{75B3BC5B-7748-459C-9656-4890A94AF687}.Devel|Win32.ActiveCfg = Debug|x86
		{75B3BC5B-7748-459C-9656-4890A94AF687}.Devel|Win32.Build.0 = Debug|x86
		{75B3BC5B-7748-459C-9656-4890A94AF687}.Devel|x64.ActiveCfg = Debug|x64
		{75B3BC5B-7748-459C-9656-4890A94AF687}.Devel|x64.Build.0 = Debug|x64
		{75B3BC5B-7748-459C-9656-4890A94AF687}.Devel|x86.ActiveCfg = Debug|x86
		{75B3BC5B-7748-459C-9656-4890A94AF687}.Devel|x86.Build.0 = Debug|x86
		{75B3BC5B-7748-459C-9656-4890A94AF687}.Release|Any CPU.ActiveCfg = Release|x86
		{75B3BC5B-7748-459C-9656-4890A94AF687}.Release|Any CPU.Build.0 = Release|x86
		{75B3BC5B-7748-459C-9656-4890A94AF687}.Release|Mixed Platforms.ActiveCfg = Release|x86
		{75B3BC5B-7748-459C-9656-4890A94AF687}.Release|Mixed Platforms.Build.0 = Release|x86
		{75B3BC5B-7748-459C-9656-4890A94AF687}.Release|Win32.ActiveCfg = Release|x86
		{75B3BC5B-7748-459C-9656-4890A94AF687}.Release|Win32.Build.0 = Release|x86
		{75B3BC5B-7748-459C-9656-4890A94AF687}.Release|x64.ActiveCfg = Release|x86
		{75B3BC5B-7748-459C-9656-4890A94AF687}.Release|x64.Build.0 = Release|x86
		{75B3BC5B-7748-459C-9656-4890A94AF687}.Release|x86.ActiveCfg = Release|x86
		{75B3BC5B-7748-459C-9656-4890A94AF687}.Release|x86.Build.0 = Release|x86
		{96938AED-83F2-43D2-BD74-B67CB382FB0E}.Debug|Any CPU.ActiveCfg = Release|x86
		{96938AED-83F2-43D2-BD74-B67CB382FB0E}.Debug|Any CPU.Build.0 = Release|x86
		{96938AED-83F2-43D2-BD74-B67CB382FB0E}.Debug|Mixed Platforms.ActiveCfg = Release|x86
		{96938AED-83F2-43D2-BD74-B67CB382FB0E}.Debug|Mixed Platforms.Build.0 = Release|x86
		{96938AED-83F2-43D2-BD74-B67CB382FB0E}.Debug|Win32.ActiveCfg = Release|x86
		{96938AED-83F2-43D2-BD74-B67CB382FB0E}.Debug|Win32.Build.0 = Release|x86
		{96938AED-83F2-43D2-BD74-B67CB382FB0E}.Debug|x64.ActiveCfg = Release|x86
		{96938AED-83F2-43D2-BD74-B67CB382FB0E}.Debug|x64.Build.0 = Release|x86
		{96938AED-83F2-43D2-BD74-B67CB382FB0E}.Debug|x86.ActiveCfg = Release|x86
		{96938AED-83F2-43D2-BD74-B67CB382FB0E}.Debug|x86.Build.0 = Release|x86
		{96938AED-83F2-43D2-BD74-B67CB382FB0E}.Devel|Any CPU.ActiveCfg = Debug|Any CPU
		{96938AED-83F2-43D2-BD74-B67CB382FB0E}.Devel|Any CPU.Build.0 = Debug|Any CPU
		{96938AED-83F2-43D2-BD74-B67CB382FB0E}.Devel|Mixed Platforms.ActiveCfg = Debug|x86
		{96938AED-83F2-43D2-BD74-B67CB382FB0E}.Devel|Mixed Platforms.Build.0 = Debug|x86
		{96938AED-83F2-43D2-BD74-B67CB382FB0E}.Devel|Win32.ActiveCfg = Debug|x86
		{96938AED-83F2-43D2-BD74-B67CB382FB0E}.Devel|Win32.Build.0 = Debug|x86
		{96938AED-83F2-43D2-BD74-B67CB382FB0E}.Devel|x64.ActiveCfg = Debug|x64
		{96938AED-83F2-43D2-BD74-B67CB382FB0E}.Devel|x64.Build.0 = Debug|x64
		{96938AED-83F2-43D2-BD74-B67CB382FB0E}.Devel|x86.ActiveCfg = Debug|x86
		{96938AED-83F2-43D2-BD74-B67CB382FB0E}.Devel|x86.Build.0 = Debug|x86
		{96938AED-83F2-43D2-BD74-B67CB382FB0E}.Release|Any CPU.ActiveCfg = Release|x86
		{96938AED-83F2-43D2-BD74-B67CB382FB0E}.Release|Any CPU.Build.0 = Release|x86
		{96938AED-83F2-43D2-BD74-B67CB382FB0E}.Release|Mixed Platforms.ActiveCfg = Release|x86
		{96938AED-83F2-43D2-BD74-B67CB382FB0E}.Release|Mixed Platforms.Build.0 = Release|x86
		{96938AED-83F2-43D2-BD74-B67CB382FB0E}.Release|Win32.ActiveCfg = Release|x86
		{96938AED-83F2-43D2-BD74-B67CB382FB0E}.Release|Win32.Build.0 = Release|x86
		{96938AED-83F2-43D2-BD74-B67CB382FB0E}.Release|x64.ActiveCfg = Release|x86
		{96938AED-83F2-43D2-BD74-B67CB382FB0E}.Release|x64.Build.0 = Release|x86
		{96938AED-83F2-43D2-BD74-B67CB382FB0E}.Release|x86.ActiveCfg = Release|x86
		{96938AED-83F2-43D2-BD74-B67CB382FB0E}.Release|x86.Build.0 = Release|x86
		{B1891BC5-2498-429C-89DF-E3AB898570C0}.Debug|Any CPU.ActiveCfg = Release|x86
		{B1891BC5-2498-429C-89DF-E3AB898570C0}.Debug|Any CPU.Build.0 = Release|x86
		{B1891BC5-2498-429C-89DF-E3AB898570C0}.Debug|Mixed Platforms.ActiveCfg = Release|x86
		{B1891BC5-2498-429C-89DF-E3AB898570C0}.Debug|Mixed Platforms.Build.0 = Release|x86
		{B1891BC5-2498-429C-89DF-E3AB898570C0}.Debug|Win32.ActiveCfg = Release|x86
		{B1891BC5-2498-429C-89DF-E3AB898570C0}.Debug|Win32.Build.0 = Release|x86
		{B1891BC5-2498-429C-89DF-E3AB898570C0}.Debug|x64.ActiveCfg = Release|x86
		{B1891BC5-2498-429C-89DF-E3AB898570C0}.Debug|x64.Build.0 = Release|x86
		{B1891BC5-2498-429C-89DF-E3AB898570C0}.Debug|x86.ActiveCfg = Release|x86
		{B1891BC5-2498-429C-89DF-E3AB898570C0}.Debug|x86.Build.0 = Release|x86
		{B1891BC5-2498-429C-89DF-E3AB898570C0}.Devel|Any CPU.ActiveCfg = Debug|Any CPU
		{B1891BC5-2498-429C-89DF-E3AB898570C0}.Devel|Any CPU.Build.0 = Debug|Any CPU
		{B1891BC5-2498-429C-89DF-E3AB898570C0}.Devel|Mixed Platforms.ActiveCfg = Debug|x86
		{B1891BC5-2498-429C-89DF-E3AB898570C0}.Devel|Mixed Platforms.Build.0 = Debug|x86
		{B1891BC5-2498-429C-89DF-E3AB898570C0}.Devel|Win32.ActiveCfg = Debug|x86
		{B1891BC5-2498-429C-89DF-E3AB898570C0}.Devel|Win32.Build.0 = Debug|x86
		{B1891BC5-2498-429C-89DF-E3AB898570C0}.Devel|x64.ActiveCfg = Debug|x64
		{B1891BC5-2498-429C-89DF-E3AB898570C0}.Devel|x64.Build.0 = Debug|x64
		{B1891BC5-2498-429C-89DF-E3AB898570C0}.Devel|x86.ActiveCfg = Debug|x86
		{B1891BC5-2498-429C-89DF-E3AB898570C0}.Devel|x86.Build.0 = Debug|x86
		{B1891BC5-2498-429C-89DF-E3AB898570C0}.Release|Any CPU.ActiveCfg = Release|x86
		{B1891BC5-2498-429C-89DF-E3AB898570C0}.Release|Any CPU.Build.0 = Release|x86
		{B1891BC5-2498-429C-89DF-E3AB898570C0}.Release|Mixed Platforms.ActiveCfg = Release|x86
		{B1891BC5-2498-429C-89DF-E3AB898570C0}.Release|Mixed Platforms.Build.0 = Release|x86
		{B1891BC5-2498-429C-89DF-E3AB898570C0}.Release|Win32.ActiveCfg = Release|x86
		{B1891BC5-2498-429C-89DF-E3AB898570C0}.Release|Win32.Build.0 = Release|x86
		{B1891BC5-2498-429C-89DF-E3AB898570C0}.Release|x64.ActiveCfg = Release|x86
		{B1891BC5-2498-429C-89DF-E3AB898570C0}.Release|x64.Build.0 = Release|x86
		{B1891BC5-2498-429C-89DF-E3AB898570C0}.Release|x86.ActiveCfg = Release|x86
		{B1891BC5-2498-429C-89DF-E3AB898570C0}.Release|x86.Build.0 = Release|x86
		{7B82951B-5E90-4844-82D9-8346437594A3}.Debug|Any CPU.ActiveCfg = Release|x86
		{7B82951B-5E90-4844-82D9-8346437594A3}.Debug|Any CPU.Build.0 = Release|x86
		{7B82951B-5E90-4844-82D9-8346437594A3}.Debug|Mixed Platforms.ActiveCfg = Release|x86
		{7B82951B-5E90-4844-82D9-8346437594A3}.Debug|Mixed Platforms.Build.0 = Release|x86
		{7B82951B-5E90-4844-82D9-8346437594A3}.Debug|Win32.ActiveCfg = Release|x86
		{7B82951B-5E90-4844-82D9-8346437594A3}.Debug|Win32.Build.0 = Release|x86
		{7B82951B-5E90-4844-82D9-8346437594A3}.Debug|x64.ActiveCfg = Release|x86
		{7B82951B-5E90-4844-82D9-8346437594A3}.Debug|x64.Build.0 = Release|x86
		{7B82951B-5E90-4844-82D9-8346437594A3}.Debug|x86.ActiveCfg = Release|x86
		{7B82951B-5E90-4844-82D9-8346437594A3}.Debug|x86.Build.0 = Release|x86
		{7B82951B-5E90-4844-82D9-8346437594A3}.Devel|Any CPU.ActiveCfg = Debug|Any CPU
		{7B82951B-5E90-4844-82D9-8346437594A3}.Devel|Any CPU.Build.0 = Debug|Any CPU
		{7B82951B-5E90-4844-82D9-8346437594A3}.Devel|Mixed Platforms.ActiveCfg = Debug|x86
		{7B82951B-5E90-4844-82D9-8346437594A3}.Devel|Mixed Platforms.Build.0 = Debug|x86
		{7B82951B-5E90-4844-82D9-8346437594A3}.Devel|Win32.ActiveCfg = Debug|x86
		{7B82951B-5E90-4844-82D9-8346437594A3}.Devel|Win32.Build.0 = Debug|x86
		{7B82951B-5E90-4844-82D9-8346437594A3}.Devel|x64.ActiveCfg = Debug|x64
		{7B82951B-5E90-4844-82D9-8346437594A3}.Devel|x64.Build.0 = Debug|x64
		{7B82951B-5E90-4844-82D9-8346437594A3}.Devel|x86.ActiveCfg = Debug|x86
		{7B82951B-5E90-4844-82D9-8346437594A3}.Devel|x86.Build.0 = Debug|x86
		{7B82951B-5E90-4844-82D9-8346437594A3}.Release|Any CPU.ActiveCfg = Release|x86
		{7B82951B-5E90-4844-82D9-8346437594A3}.Release|Any CPU.Build.0 = Release|x86
		{7B82951B-5E90-4844-82D9-8346437594A3}.Release|Mixed Platforms.ActiveCfg = Release|x86
		{7B82951B-5E90-4844-82D9-8346437594A3}.Release|Mixed Platforms.Build.0 = Release|x86
		{7B82951B-5E90-4844-82D9-8346437594A3}.Release|Win32.ActiveCfg = Release|x86
		{7B82951B-5E90-4844-82D9-8346437594A3}.Release|Win32.Build.0 = Release|x86
		{7B82951B-5E90-4844-82D9-8346437594A3}.Release|x64.ActiveCfg = Release|x86
		{7B82951B-5E90-4844-82D9-8346437594A3}.Release|x64.Build.0 = Release|x86
		{7B82951B-5E90-4844-82D9-8346437594A3}.Release|x86.ActiveCfg = Release|x86
		{7B82951B-5E90-4844-82D9-8346437594A3}.Release|x86.Build.0 = Release|x86
		{75DE20F3-0369-4EFC-AD6E-98E93C6500C9}.Debug|Any CPU.ActiveCfg = Release|x86
		{75DE20F3-0369-4EFC-AD6E-98E93C6500C9}.Debug|Any CPU.Build.0 = Release|x86
		{75DE20F3-0369-4EFC-AD6E-98E93C6500C9}.Debug|Mixed Platforms.ActiveCfg = Release|x86
		{75DE20F3-0369-4EFC-AD6E-98E93C6500C9}.Debug|Mixed Platforms.Build.0 = Release|x86
		{75DE20F3-0369-4EFC-AD6E-98E93C6500C9}.Debug|Win32.ActiveCfg = Release|x86
		{75DE20F3-0369-4EFC-AD6E-98E93C6500C9}.Debug|Win32.Build.0 = Release|x86
		{75DE20F3-0369-4EFC-AD6E-98E93C6500C9}.Debug|x64.ActiveCfg = Release|x86
		{75DE20F3-0369-4EFC-AD6E-98E93C6500C9}.Debug|x64.Build.0 = Release|x86
		{75DE20F3-0369-4EFC-AD6E-98E93C6500C9}.Debug|x86.ActiveCfg = Release|x86
		{75DE20F3-0369-4EFC-AD6E-98E93C6500C9}.Debug|x86.Build.0 = Release|x86
		{75DE20F3-0369-4EFC-AD6E-98E93C6500C9}.Devel|Any CPU.ActiveCfg = Debug|Any CPU
		{75DE20F3-0369-4EFC-AD6E-98E93C6500C9}.Devel|Any CPU.Build.0 = Debug|Any CPU
		{75DE20F3-0369-4EFC-AD6E-98E93C6500C9}.Devel|Mixed Platforms.ActiveCfg = Debug|x86
		{75DE20F3-0369-4EFC-AD6E-98E93C6500C9}.Devel|Mixed Platforms.Build.0 = Debug|x86
		{75DE20F3-0369-4EFC-AD6E-98E93C6500C9}.Devel|Win32.ActiveCfg = Debug|x86
		{75DE20F3-0369-4EFC-AD6E-98E93C6500C9}.Devel|Win32.Build.0 = Debug|x86
		{75DE20F3-0369-4EFC-AD6E-98E93C6500C9}.Devel|x64.ActiveCfg = Debug|x64
		{75DE20F3-0369-4EFC-AD6E-98E93C6500C9}.Devel|x64.Build.0 = Debug|x64
		{75DE20F3-0369-4EFC-AD6E-98E93C6500C9}.Devel|x86.ActiveCfg = Debug|x86
		{75DE20F3-0369-4EFC-AD6E-98E93C6500C9}.Devel|x86.Build.0 = Debug|x86
		{75DE20F3-0369-4EFC-AD6E-98E93C6500C9}.Release|Any CPU.ActiveCfg = Release|x86
		{75DE20F3-0369-4EFC-AD6E-98E93C6500C9}.Release|Any CPU.Build.0 = Release|x86
		{75DE20F3-0369-4EFC-AD6E-98E93C6500C9}.Release|Mixed Platforms.ActiveCfg = Release|x86
		{75DE20F3-0369-4EFC-AD6E-98E93C6500C9}.Release|Mixed Platforms.Build.0 = Release|x86
		{75DE20F3-0369-4EFC-AD6E-98E93C6500C9}.Release|Win32.ActiveCfg = Release|x86
		{75DE20F3-0369-4EFC-AD6E-98E93C6500C9}.Release|Win32.Build.0 = Release|x86
		{75DE20F3-0369-4EFC-AD6E-98E93C6500C9}.Release|x64.ActiveCfg = Release|x86
		{75DE20F3-0369-4EFC-AD6E-98E93C6500C9}.Release|x64.Build.0 = Release|x86
		{75DE20F3-0369-4EFC-AD6E-98E93C6500C9}.Release|x86.ActiveCfg = Release|x86
		{75DE20F3-0369-4EFC-AD6E-98E93C6500C9}.Release|x86.Build.0 = Release|x86
		{B25220E5-9C6A-4A08-9CB6-C02DB4397E9B}.Debug|Any CPU.ActiveCfg = Release|x86
		{B25220E5-9C6A-4A08-9CB6-C02DB4397E9B}.Debug|Any CPU.Build.0 = Release|x86
		{B25220E5-9C6A-4A08-9CB6-C02DB4397E9B}.Debug|Mixed Platforms.ActiveCfg = Release|x86
		{B25220E5-9C6A-4A08-9CB6-C02DB4397E9B}.Debug|Mixed Platforms.Build.0 = Release|x86
		{B25220E5-9C6A-4A08-9CB6-C02DB4397E9B}.Debug|Win32.ActiveCfg = Release|x86
		{B25220E5-9C6A-4A08-9CB6-C02DB4397E9B}.Debug|Win32.Build.0 = Release|x86
		{B25220E5-9C6A-4A08-9CB6-C02DB4397E9B}.Debug|x64.ActiveCfg = Release|x86
		{B25220E5-9C6A-4A08-9CB6-C02DB4397E9B}.Debug|x64.Build.0 = Release|x86
		{B25220E5-9C6A-4A08-9CB6-C02DB4397E9B}.Debug|x86.ActiveCfg = Release|x86
		{B25220E5-9C6A-4A08-9CB6-C02DB4397E9B}.Debug|x86.Build.0 = Release|x86
		{B25220E5-9C6A-4A08-9CB6-C02DB4397E9B}.Devel|Any CPU.ActiveCfg = Debug|Any CPU
		{B25220E5-9C6A-4A08-9CB6-C02DB4397E9B}.Devel|Any CPU.Build.0 = Debug|Any CPU
		{B25220E5-9C6A-4A08-9CB6-C02DB4397E9B}.Devel|Mixed Platforms.ActiveCfg = Debug|x86
		{B25220E5-9C6A-4A08-9CB6-C02DB4397E9B}.Devel|Mixed Platforms.Build.0 = Debug|x86
		{B25220E5-9C6A-4A08-9CB6-C02DB4397E9B}.Devel|Win32.ActiveCfg = Debug|x86
		{B25220E5-9C6A-4A08-9CB6-C02DB4397E9B}.Devel|Win32.Build.0 = Debug|x86
		{B25220E5-9C6A-4A08-9CB6-C02DB4397E9B}.Devel|x64.ActiveCfg = Debug|x64
		{B25220E5-9C6A-4A08-9CB6-C02DB4397E9B}.Devel|x64.Build.0 = Debug|x64
		{B25220E5-9C6A-4A08-9CB6-C02DB4397E9B}.Devel|x86.ActiveCfg = Debug|x86
		{B25220E5-9C6A-4A08-9CB6-C02DB4397E9B}.Devel|x86.Build.0 = Debug|x86
		{B25220E5-9C6A-4A08-9CB6-C02DB4397E9B}.Release|Any CPU.ActiveCfg = Release|x86
		{B25220E5-9C6A-4A08-9CB6-C02DB4397E9B}.Release|Any CPU.Build.0 = Release|x86
		{B25220E5-9C6A-4A08-9CB6-C02DB4397E9B}.Release|Mixed Platforms.ActiveCfg = Release|x86
		{B25220E5-9C6A-4A08-9CB6-C02DB4397E9B}.Release|Mixed Platforms.Build.0 = Release|x86
		{B25220E5-9C6A-4A08-9CB6-C02DB4397E9B}.Release|Win32.ActiveCfg = Release|x86
		{B25220E5-9C6A-4A08-9CB6-C02DB4397E9B}.Release|Win32.Build.0 = Release|x86
		{B25220E5-9C6A-4A08-9CB6-C02DB4397E9B}.Release|x64.ActiveCfg = Release|x86
		{B25220E5-9C6A-4A08-9CB6-C02DB4397E9B}.Release|x64.Build.0 = Release|x86
		{B25220E5-9C6A-4A08-9CB6-C02DB4397E9B}.Release|x86.ActiveCfg = Release|x86
		{B25220E5-9C6A-4A08-9CB6-C02DB4397E9B}.Release|x86.Build.0 = Release|x86
		{35C8FC27-2016-46BB-9F4E-06A3ADD1EA24}.Debug|Any CPU.ActiveCfg = Release|x86
		{35C8FC27-2016-46BB-9F4E-06A3ADD1EA24}.Debug|Any CPU.Build.0 = Release|x86
		{35C8FC27-2016-46BB-9F4E-06A3ADD1EA24}.Debug|Mixed Platforms.ActiveCfg = Release|x86
		{35C8FC27-2016-46BB-9F4E-06A3ADD1EA24}.Debug|Mixed Platforms.Build.0 = Release|x86
		{35C8FC27-2016-46BB-9F4E-06A3ADD1EA24}.Debug|Win32.ActiveCfg = Release|x86
		{35C8FC27-2016-46BB-9F4E-06A3ADD1EA24}.Debug|Win32.Build.0 = Release|x86
		{35C8FC27-2016-46BB-9F4E-06A3ADD1EA24}.Debug|x64.ActiveCfg = Release|x86
		{35C8FC27-2016-46BB-9F4E-06A3ADD1EA24}.Debug|x64.Build.0 = Release|x86
		{35C8FC27-2016-46BB-9F4E-06A3ADD1EA24}.Debug|x86.ActiveCfg = Release|x86
		{35C8FC27-2016-46BB-9F4E-06A3ADD1EA24}.Debug|x86.Build.0 = Release|x86
		{35C8FC27-2016-46BB-9F4E-06A3ADD1EA24}.Devel|Any CPU.ActiveCfg = Debug|Any CPU
		{35C8FC27-2016-46BB-9F4E-06A3ADD1EA24}.Devel|Any CPU.Build.0 = Debug|Any CPU
		{35C8FC27-2016-46BB-9F4E-06A3ADD1EA24}.Devel|Mixed Platforms.ActiveCfg = Debug|x86
		{35C8FC27-2016-46BB-9F4E-06A3ADD1EA24}.Devel|Mixed Platforms.Build.0 = Debug|x86
		{35C8FC27-2016-46BB-9F4E-06A3ADD1EA24}.Devel|Win32.ActiveCfg = Debug|x86
		{35C8FC27-2016-46BB-9F4E-06A3ADD1EA24}.Devel|Win32.Build.0 = Debug|x86
		{35C8FC27-2016-46BB-9F4E-06A3ADD1EA24}.Devel|x64.ActiveCfg = Debug|x64
		{35C8FC27-2016-46BB-9F4E-06A3ADD1EA24}.Devel|x64.Build.0 = Debug|x64
		{35C8FC27-2016-46BB-9F4E-06A3ADD1EA24}.Devel|x86.ActiveCfg = Debug|x86
		{35C8FC27-2016-46BB-9F4E-06A3ADD1EA24}.Devel|x86.Build.0 = Debug|x86
		{35C8FC27-2016-46BB-9F4E-06A3ADD1EA24}.Release|Any CPU.ActiveCfg = Release|x86
		{35C8FC27-2016-46BB-9F4E-06A3ADD1EA24}.Release|Any CPU.Build.0 = Release|x86
		{35C8FC27-2016-46BB-9F4E-06A3ADD1EA24}.Release|Mixed Platforms.ActiveCfg = Release|x86
		{35C8FC27-2016-46BB-9F4E-06A3ADD1EA24}.Release|Mixed Platforms.Build.0 = Release|x86
		{35C8FC27-2016-46BB-9F4E-06A3ADD1EA24}.Release|Win32.ActiveCfg = Release|x86
		{35C8FC27-2016-46BB-9F4E-06A3ADD1EA24}.Release|Win32.Build.0 = Release|x86
		{35C8FC27-2016-46BB-9F4E-06A3ADD1EA24}.Release|x64.ActiveCfg = Release|x86
		{35C8FC27-2016-46BB-9F4E-06A3ADD1EA24}.Release|x64.Build.0 = Release|x86
		{35C8FC27-2016-46BB-9F4E-06A3ADD1EA24}.Release|x86.ActiveCfg = Release|x86
		{35C8FC27-2016-46BB-9F4E-06A3ADD1EA24}.Release|x86.Build.0 = Release|x86
		{4B59BFFA-7497-4E78-B82E-6209ED28A1A4}.Debug|Any CPU.ActiveCfg = Release|x86
		{4B59BFFA-7497-4E78-B82E-6209ED28A1A4}.Debug|Any CPU.Build.0 = Release|x86
		{4B59BFFA-7497-4E78-B82E-6209ED28A1A4}.Debug|Mixed Platforms.ActiveCfg = Release|x86
		{4B59BFFA-7497-4E78-B82E-6209ED28A1A4}.Debug|Mixed Platforms.Build.0 = Release|x86
		{4B59BFFA-7497-4E78-B82E-6209ED28A1A4}.Debug|Win32.ActiveCfg = Release|x86
		{4B59BFFA-7497-4E78-B82E-6209ED28A1A4}.Debug|Win32.Build.0 = Release|x86
		{4B59BFFA-7497-4E78-B82E-6209ED28A1A4}.Debug|x64.ActiveCfg = Release|x86
		{4B59BFFA-7497-4E78-B82E-6209ED28A1A4}.Debug|x64.Build.0 = Release|x86
		{4B59BFFA-7497-4E78-B82E-6209ED28A1A4}.Debug|x86.ActiveCfg = Release|x86
		{4B59BFFA-7497-4E78-B82E-6209ED28A1A4}.Debug|x86.Build.0 = Release|x86
		{4B59BFFA-7497-4E78-B82E-6209ED28A1A4}.Devel|Any CPU.ActiveCfg = Debug|Any CPU
		{4B59BFFA-7497-4E78-B82E-6209ED28A1A4}.Devel|Any CPU.Build.0 = Debug|Any CPU
		{4B59BFFA-7497-4E78-B82E-6209ED28A1A4}.Devel|Mixed Platforms.ActiveCfg = Debug|x86
		{4B59BFFA-7497-4E78-B82E-6209ED28A1A4}.Devel|Mixed Platforms.Build.0 = Debug|x86
		{4B59BFFA-7497-4E78-B82E-6209ED28A1A4}.Devel|Win32.ActiveCfg = Debug|x86
		{4B59BFFA-7497-4E78-B82E-6209ED28A1A4}.Devel|Win32.Build.0 = Debug|x86
		{4B59BFFA-7497-4E78-B82E-6209ED28A1A4}.Devel|x64.ActiveCfg = Debug|x64
		{4B59BFFA-7497-4E78-B82E-6209ED28A1A4}.Devel|x64.Build.0 = Debug|x64
		{4B59BFFA-7497-4E78-B82E-6209ED28A1A4}.Devel|x86.ActiveCfg = Debug|x86
		{4B59BFFA-7497-4E78-B82E-6209ED28A1A4}.Devel|x86.Build.0 = Debug|x86
		{4B59BFFA-7497-4E78-B82E-6209ED28A1A4}.Release|Any CPU.ActiveCfg = Release|x86
		{4B59BFFA-7497-4E78-B82E-6209ED28A1A4}.Release|Any CPU.Build.0 = Release|x86
		{4B59BFFA-7497-4E78-B82E-6209ED28A1A4}.Release|Mixed Platforms.ActiveCfg = Release|x86
		{4B59BFFA-7497-4E78-B82E-6209ED28A1A4}.Release|Mixed Platforms.Build.0 = Release|x86
		{4B59BFFA-7497-4E78-B82E-6209ED28A1A4}.Release|Win32.ActiveCfg = Release|x86
		{4B59BFFA-7497-4E78-B82E-6209ED28A1A4}.Release|Win32.Build.0 = Release|x86
		{4B59BFFA-7497-4E78-B82E-6209ED28A1A4}.Release|x64.ActiveCfg = Release|x86
		{4B59BFFA-7497-4E78-B82E-6209ED28A1A4}.Release|x64.Build.0 = Release|x86
		{4B59BFFA-7497-4E78-B82E-6209ED28A1A4}.Release|x86.ActiveCfg = Release|x86
		{4B59BFFA-7497-4E78-B82E-6209ED28A1A4}.Release|x86.Build.0 = Release|x86
		{93DC3BC5-B09B-4B07-9F98-E28E556D21B1}.Debug|Any CPU.ActiveCfg = Release|x86
		{93DC3BC5-B09B-4B07-9F98-E28E556D21B1}.Debug|Any CPU.Build.0 = Release|x86
		{93DC3BC5-B09B-4B07-9F98-E28E556D21B1}.Debug|Mixed Platforms.ActiveCfg = Release|x86
		{93DC3BC5-B09B-4B07-9F98-E28E556D21B1}.Debug|Mixed Platforms.Build.0 = Release|x86
		{93DC3BC5-B09B-4B07-9F98-E28E556D21B1}.Debug|Win32.ActiveCfg = Release|x86
		{93DC3BC5-B09B-4B07-9F98-E28E556D21B1}.Debug|Win32.Build.0 = Release|x86
		{93DC3BC5-B09B-4B07-9F98-E28E556D21B1}.Debug|x64.ActiveCfg = Release|x86
		{93DC3BC5-B09B-4B07-9F98-E28E556D21B1}.Debug|x64.Build.0 = Release|x86
		{93DC3BC5-B09B-4B07-9F98-E28E556D21B1}.Debug|x86.ActiveCfg = Release|x86
		{93DC3BC5-B09B-4B07-9F98-E28E556D21B1}.Debug|x86.Build.0 = Release|x86
		{93DC3BC5-B09B-4B07-9F98-E28E556D21B1}.Devel|Any CPU.ActiveCfg = Debug|Any CPU
		{93DC3BC5-B09B-4B07-9F98-E28E556D21B1}.Devel|Any CPU.Build.0 = Debug|Any CPU
		{93DC3BC5-B09B-4B07-9F98-E28E556D21B1}.Devel|Mixed Platforms.ActiveCfg = Debug|x86
		{93DC3BC5-B09B-4B07-9F98-E28E556D21B1}.Devel|Mixed Platforms.Build.0 = Debug|x86
		{93DC3BC5-B09B-4B07-9F98-E28E556D21B1}.Devel|Win32.ActiveCfg = Debug|x86
		{93DC3BC5-B09B-4B07-9F98-E28E556D21B1}.Devel|Win32.Build.0 = Debug|x86
		{93DC3BC5-B09B-4B07-9F98-E28E556D21B1}.Devel|x64.ActiveCfg = Debug|x64
		{93DC3BC5-B09B-4B07-9F98-E28E556D21B1}.Devel|x64.Build.0 = Debug|x64
		{93DC3BC5-B09B-4B07-9F98-E28E556D21B1}.Devel|x86.ActiveCfg = Debug|x86
		{93DC3BC5-B09B-4B07-9F98-E28E556D21B1}.Devel|x86.Build.0 = Debug|x86
		{93DC3BC5-B09B-4B07-9F98-E28E556D21B1}.Release|Any CPU.ActiveCfg = Release|x86
		{93DC3BC5-B09B-4B07-9F98-E28E556D21B1}.Release|Any CPU.Build.0 = Release|x86
		{93DC3BC5-B09B-4B07-9F98-E28E556D21B1}.Release|Mixed Platforms.ActiveCfg = Release|x86
		{93DC3BC5-B09B-4B07-9F98-E28E556D21B1}.Release|Mixed Platforms.Build.0 = Release|x86
		{93DC3BC5-B09B-4B07-9F98-E28E556D21B1}.Release|Win32.ActiveCfg = Release|x86
		{93DC3BC5-B09B-4B07-9F98-E28E556D21B1}.Release|Win32.Build.0 = Release|x86
		{93DC3BC5-B09B-4B07-9F98-E28E556D21B1}.Release|x64.ActiveCfg = Release|x86
		{93DC3BC5-B09B-4B07-9F98-E28E556D21B1}.Release|x64.Build.0 = Release|x86
		{93DC3BC5-B09B-4B07-9F98-E28E556D21B1}.Release|x86.ActiveCfg = Release|x86
		{93DC3BC5-B09B-4B07-9F98-E28E556D21B1}.Release|x86.Build.0 = Release|x86
		{7C507D0D-4548-46E0-9289-817F504B83F7}.Debug|Any CPU.ActiveCfg = Release|x86
		{7C507D0D-4548-46E0-9289-817F504B83F7}.Debug|Any CPU.Build.0 = Release|x86
		{7C507D0D-4548-46E0-9289-817F504B83F7}.Debug|Mixed Platforms.ActiveCfg = Release|x86
		{7C507D0D-4548-46E0-9289-817F504B83F7}.Debug|Mixed Platforms.Build.0 = Release|x86
		{7C507D0D-4548-46E0-9289-817F504B83F7}.Debug|Win32.ActiveCfg = Release|x86
		{7C507D0D-4548-46E0-9289-817F504B83F7}.Debug|Win32.Build.0 = Release|x86
		{7C507D0D-4548-46E0-9289-817F504B83F7}.Debug|x64.ActiveCfg = Release|x86
		{7C507D0D-4548-46E0-9289-817F504B83F7}.Debug|x64.Build.0 = Release|x86
		{7C507D0D-4548-46E0-9289-817F504B83F7}.Debug|x86.ActiveCfg = Release|x86
		{7C507D0D-4548-46E0-9289-817F504B83F7}.Debug|x86.Build.0 = Release|x86
		{7C507D0D-4548-46E0-9289-817F504B83F7}.Devel|Any CPU.ActiveCfg = Debug|Any CPU
		{7C507D0D-4548-46E0-9289-817F504B83F7}.Devel|Any CPU.Build.0 = Debug|Any CPU
		{7C507D0D-4548-46E0-9289-817F504B83F7}.Devel|Mixed Platforms.ActiveCfg = Debug|x86
		{7C507D0D-4548-46E0-9289-817F504B83F7}.Devel|Mixed Platforms.Build.0 = Debug|x86
		{7C507D0D-4548-46E0-9289-817F504B83F7}.Devel|Win32.ActiveCfg = Debug|x86
		{7C507D0D-4548-46E0-9289-817F504B83F7}.Devel|Win32.Build.0 = Debug|x86
		{7C507D0D-4548-46E0-9289-817F504B83F7}.Devel|x64.ActiveCfg = Debug|x64
		{7C507D0D-4548-46E0-9289-817F504B83F7}.Devel|x64.Build.0 = Debug|x64
		{7C507D0D-4548-46E0-9289-817F504B83F7}.Devel|x86.ActiveCfg = Debug|x86
		{7C507D0D-4548-46E0-9289-817F504B83F7}.Devel|x86.Build.0 = Debug|x86
		{7C507D0D-4548-46E0-9289-817F504B83F7}.Release|Any CPU.ActiveCfg = Release|x86
		{7C507D0D-4548-46E0-9289-817F504B83F7}.Release|Any CPU.Build.0 = Release|x86
		{7C507D0D-4548-46E0-9289-817F504B83F7}.Release|Mixed Platforms.ActiveCfg = Release|x86
		{7C507D0D-4548-46E0-9289-817F504B83F7}.Release|Mixed Platforms.Build.0 = Release|x86
		{7C507D0D-4548-46E0-9289-817F504B83F7}.Release|Win32.ActiveCfg = Release|x86
		{7C507D0D-4548-46E0-9289-817F504B83F7}.Release|Win32.Build.0 = Release|x86
		{7C507D0D-4548-46E0-9289-817F504B83F7}.Release|x64.ActiveCfg = Release|x86
		{7C507D0D-4548-46E0-9289-817F504B83F7}.Release|x64.Build.0 = Release|x86
		{7C507D0D-4548-46E0-9289-817F504B83F7}.Release|x86.ActiveCfg = Release|x86
		{7C507D0D-4548-46E0-9289-817F504B83F7}.Release|x86.Build.0 = Release|x86
		{891256B3-7730-457D-8DC8-90A9A58663A7}.Debug|Any CPU.ActiveCfg = Release|x86
		{891256B3-7730-457D-8DC8-90A9A58663A7}.Debug|Any CPU.Build.0 = Release|x86
		{891256B3-7730-457D-8DC8-90A9A58663A7}.Debug|Mixed Platforms.ActiveCfg = Release|x86
		{891256B3-7730-457D-8DC8-90A9A58663A7}.Debug|Mixed Platforms.Build.0 = Release|x86
		{891256B3-7730-457D-8DC8-90A9A58663A7}.Debug|Win32.ActiveCfg = Release|x86
		{891256B3-7730-457D-8DC8-90A9A58663A7}.Debug|Win32.Build.0 = Release|x86
		{891256B3-7730-457D-8DC8-90A9A58663A7}.Debug|x64.ActiveCfg = Release|x86
		{891256B3-7730-457D-8DC8-90A9A58663A7}.Debug|x64.Build.0 = Release|x86
		{891256B3-7730-457D-8DC8-90A9A58663A7}.Debug|x86.ActiveCfg = Release|x86
		{891256B3-7730-457D-8DC8-90A9A58663A7}.Debug|x86.Build.0 = Release|x86
		{891256B3-7730-457D-8DC8-90A9A58663A7}.Devel|Any CPU.ActiveCfg = Debug|Any CPU
		{891256B3-7730-457D-8DC8-90A9A58663A7}.Devel|Any CPU.Build.0 = Debug|Any CPU
		{891256B3-7730-457D-8DC8-90A9A58663A7}.Devel|Mixed Platforms.ActiveCfg = Debug|x86
		{891256B3-7730-457D-8DC8-90A9A58663A7}.Devel|Mixed Platforms.Build.0 = Debug|x86
		{891256B3-7730-457D-8DC8-90A9A58663A7}.Devel|Win32.ActiveCfg = Debug|x86
		{891256B3-7730-457D-8DC8-90A9A58663A7}.Devel|Win32.Build.0 = Debug|x86
		{891256B3-7730-457D-8DC8-90A9A58663A7}.Devel|x64.ActiveCfg = Debug|x64
		{891256B3-7730-457D-8DC8-90A9A58663A7}.Devel|x64.Build.0 = Debug|x64
		{891256B3-7730-457D-8DC8-90A9A58663A7}.Devel|x86.ActiveCfg = Debug|x86
		{891256B3-7730-457D-8DC8-90A9A58663A7}.Devel|x86.Build.0 = Debug|x86
		{891256B3-7730-457D-8DC8-90A9A58663A7}.Release|Any CPU.ActiveCfg = Release|x86
		{891256B3-7730-457D-8DC8-90A9A58663A7}.Release|Any CPU.Build.0 = Release|x86
		{891256B3-7730-457D-8DC8-90A9A58663A7}.Release|Mixed Platforms.ActiveCfg = Release|x86
		{891256B3-7730-457D-8DC8-90A9A58663A7}.Release|Mixed Platforms.Build.0 = Release|x86
		{891256B3-7730-457D-8DC8-90A9A58663A7}.Release|Win32.ActiveCfg = Release|x86
		{891256B3-7730-457D-8DC8-90A9A58663A7}.Release|Win32.Build.0 = Release|x86
		{891256B3-7730-457D-8DC8-90A9A58663A7}.Release|x64.ActiveCfg = Release|x86
		{891256B3-7730-457D-8DC8-90A9A58663A7}.Release|x64.Build.0 = Release|x86
		{891256B3-7730-457D-8DC8-90A9A58663A7}.Release|x86.ActiveCfg = Release|x86
		{891256B3-7730-457D-8DC8-90A9A58663A7}.Release|x86.Build.0 = Release|x86
		{D0A7214E-0EB6-4531-9AF6-B3A3EF0A54FD}.Debug|Any CPU.ActiveCfg = Release|x86
		{D0A7214E-0EB6-4531-9AF6-B3A3EF0A54FD}.Debug|Any CPU.Build.0 = Release|x86
		{D0A7214E-0EB6-4531-9AF6-B3A3EF0A54FD}.Debug|Mixed Platforms.ActiveCfg = Release|x86
		{D0A7214E-0EB6-4531-9AF6-B3A3EF0A54FD}.Debug|Mixed Platforms.Build.0 = Release|x86
		{D0A7214E-0EB6-4531-9AF6-B3A3EF0A54FD}.Debug|Win32.ActiveCfg = Release|x86
		{D0A7214E-0EB6-4531-9AF6-B3A3EF0A54FD}.Debug|Win32.Build.0 = Release|x86
		{D0A7214E-0EB6-4531-9AF6-B3A3EF0A54FD}.Debug|x64.ActiveCfg = Release|x86
		{D0A7214E-0EB6-4531-9AF6-B3A3EF0A54FD}.Debug|x64.Build.0 = Release|x86
		{D0A7214E-0EB6-4531-9AF6-B3A3EF0A54FD}.Debug|x86.ActiveCfg = Release|x86
		{D0A7214E-0EB6-4531-9AF6-B3A3EF0A54FD}.Debug|x86.Build.0 = Release|x86
		{D0A7214E-0EB6-4531-9AF6-B3A3EF0A54FD}.Devel|Any CPU.ActiveCfg = Debug|Any CPU
		{D0A7214E-0EB6-4531-9AF6-B3A3EF0A54FD}.Devel|Any CPU.Build.0 = Debug|Any CPU
		{D0A7214E-0EB6-4531-9AF6-B3A3EF0A54FD}.Devel|Mixed Platforms.ActiveCfg = Debug|x86
		{D0A7214E-0EB6-4531-9AF6-B3A3EF0A54FD}.Devel|Mixed Platforms.Build.0 = Debug|x86
		{D0A7214E-0EB6-4531-9AF6-B3A3EF0A54FD}.Devel|Win32.ActiveCfg = Debug|x86
		{D0A7214E-0EB6-4531-9AF6-B3A3EF0A54FD}.Devel|Win32.Build.0 = Debug|x86
		{D0A7214E-0EB6-4531-9AF6-B3A3EF0A54FD}.Devel|x64.ActiveCfg = Debug|x64
		{D0A7214E-0EB6-4531-9AF6-B3A3EF0A54FD}.Devel|x64.Build.0 = Debug|x64
		{D0A7214E-0EB6-4531-9AF6-B3A3EF0A54FD}.Devel|x86.ActiveCfg = Debug|x86
		{D0A7214E-0EB6-4531-9AF6-B3A3EF0A54FD}.Devel|x86.Build.0 = Debug|x86
		{D0A7214E-0EB6-4531-9AF6-B3A3EF0A54FD}.Release|Any CPU.ActiveCfg = Release|x86
		{D0A7214E-0EB6-4531-9AF6-B3A3EF0A54FD}.Release|Any CPU.Build.0 = Release|x86
		{D0A7214E-0EB6-4531-9AF6-B3A3EF0A54FD}.Release|Mixed Platforms.ActiveCfg = Release|x86
		{D0A7214E-0EB6-4531-9AF6-B3A3EF0A54FD}.Release|Mixed Platforms.Build.0 = Release|x86
		{D0A7214E-0EB6-4531-9AF6-B3A3EF0A54FD}.Release|Win32.ActiveCfg = Release|x86
		{D0A7214E-0EB6-4531-9AF6-B3A3EF0A54FD}.Release|Win32.Build.0 = Release|x86
		{D0A7214E-0EB6-4531-9AF6-B3A3EF0A54FD}.Release|x64.ActiveCfg = Release|x86
		{D0A7214E-0EB6-4531-9AF6-B3A3EF0A54FD}.Release|x64.Build.0 = Release|x86
		{D0A7214E-0EB6-4531-9AF6-B3A3EF0A54FD}.Release|x86.ActiveCfg = Release|x86
		{D0A7214E-0EB6-4531-9AF6-B3A3EF0A54FD}.Release|x86.Build.0 = Release|x86
		{DF8050E4-D7EB-4CBF-803C-252A109E05C0}.Debug|Any CPU.ActiveCfg = Release|x86
		{DF8050E4-D7EB-4CBF-803C-252A109E05C0}.Debug|Any CPU.Build.0 = Release|x86
		{DF8050E4-D7EB-4CBF-803C-252A109E05C0}.Debug|Mixed Platforms.ActiveCfg = Release|x86
		{DF8050E4-D7EB-4CBF-803C-252A109E05C0}.Debug|Mixed Platforms.Build.0 = Release|x86
		{DF8050E4-D7EB-4CBF-803C-252A109E05C0}.Debug|Win32.ActiveCfg = Release|x86
		{DF8050E4-D7EB-4CBF-803C-252A109E05C0}.Debug|Win32.Build.0 = Release|x86
		{DF8050E4-D7EB-4CBF-803C-252A109E05C0}.Debug|x64.ActiveCfg = Release|x86
		{DF8050E4-D7EB-4CBF-803C-252A109E05C0}.Debug|x64.Build.0 = Release|x86
		{DF8050E4-D7EB-4CBF-803C-252A109E05C0}.Debug|x86.ActiveCfg = Release|x86
		{DF8050E4-D7EB-4CBF-803C-252A109E05C0}.Debug|x86.Build.0 = Release|x86
		{DF8050E4-D7EB-4CBF-803C-252A109E05C0}.Devel|Any CPU.ActiveCfg = Debug|Any CPU
		{DF8050E4-D7EB-4CBF-803C-252A109E05C0}.Devel|Any CPU.Build.0 = Debug|Any CPU
		{DF8050E4-D7EB-4CBF-803C-252A109E05C0}.Devel|Mixed Platforms.ActiveCfg = Debug|x86
		{DF8050E4-D7EB-4CBF-803C-252A109E05C0}.Devel|Mixed Platforms.Build.0 = Debug|x86
		{DF8050E4-D7EB-4CBF-803C-252A109E05C0}.Devel|Win32.ActiveCfg = Debug|x86
		{DF8050E4-D7EB-4CBF-803C-252A109E05C0}.Devel|Win32.Build.0 = Debug|x86
		{DF8050E4-D7EB-4CBF-803C-252A109E05C0}.Devel|x64.ActiveCfg = Debug|x64
		{DF8050E4-D7EB-4CBF-803C-252A109E05C0}.Devel|x64.Build.0 = Debug|x64
		{DF8050E4-D7EB-4CBF-803C-252A109E05C0}.Devel|x86.ActiveCfg = Debug|x86
		{DF8050E4-D7EB-4CBF-803C-252A109E05C0}.Devel|x86.Build.0 = Debug|x86
		{DF8050E4-D7EB-4CBF-803C-252A109E05C0}.Release|Any CPU.ActiveCfg = Release|x86
		{DF8050E4-D7EB-4CBF-803C-252A109E05C0}.Release|Any CPU.Build.0 = Release|x86
		{DF8050E4-D7EB-4CBF-803C-252A109E05C0}.Release|Mixed Platforms.ActiveCfg = Release|x86
		{DF8050E4-D7EB-4CBF-803C-252A109E05C0}.Release|Mixed Platforms.Build.0 = Release|x86
		{DF8050E4-D7EB-4CBF-803C-252A109E05C0}.Release|Win32.ActiveCfg = Release|x86
		{DF8050E4-D7EB-4CBF-803C-252A109E05C0}.Release|Win32.Build.0 = Release|x86
		{DF8050E4-D7EB-4CBF-803C-252A109E05C0}.Release|x64.ActiveCfg = Release|x86
		{DF8050E4-D7EB-4CBF-803C-252A109E05C0}.Release|x64.Build.0 = Release|x86
		{DF8050E4-D7EB-4CBF-803C-252A109E05C0}.Release|x86.ActiveCfg = Release|x86
		{DF8050E4-D7EB-4CBF-803C-252A109E05C0}.Release|x86.Build.0 = Release|x86
		{0057FFE5-0055-4791-833D-37541CB18D1B}.Debug|Any CPU.ActiveCfg = Release|x86
		{0057FFE5-0055-4791-833D-37541CB18D1B}.Debug|Any CPU.Build.0 = Release|x86
		{0057FFE5-0055-4791-833D-37541CB18D1B}.Debug|Mixed Platforms.ActiveCfg = Release|x86
		{0057FFE5-0055-4791-833D-37541CB18D1B}.Debug|Mixed Platforms.Build.0 = Release|x86
		{0057FFE5-0055-4791-833D-37541CB18D1B}.Debug|Win32.ActiveCfg = Release|x86
		{0057FFE5-0055-4791-833D-37541CB18D1B}.Debug|Win32.Build.0 = Release|x86
		{0057FFE5-0055-4791-833D-37541CB18D1B}.Debug|x64.ActiveCfg = Release|x86
		{0057FFE5-0055-4791-833D-37541CB18D1B}.Debug|x64.Build.0 = Release|x86
		{0057FFE5-0055-4791-833D-37541CB18D1B}.Debug|x86.ActiveCfg = Release|x86
		{0057FFE5-0055-4791-833D-37541CB18D1B}.Debug|x86.Build.0 = Release|x86
		{0057FFE5-0055-4791-833D-37541CB18D1B}.Devel|Any CPU.ActiveCfg = Debug|Any CPU
		{0057FFE5-0055-4791-833D-37541CB18D1B}.Devel|Any CPU.Build.0 = Debug|Any CPU
		{0057FFE5-0055-4791-833D-37541CB18D1B}.Devel|Mixed Platforms.ActiveCfg = Debug|x86
		{0057FFE5-0055-4791-833D-37541CB18D1B}.Devel|Mixed Platforms.Build.0 = Debug|x86
		{0057FFE5-0055-4791-833D-37541CB18D1B}.Devel|Win32.ActiveCfg = Debug|x86
		{0057FFE5-0055-4791-833D-37541CB18D1B}.Devel|Win32.Build.0 = Debug|x86
		{0057FFE5-0055-4791-833D-37541CB18D1B}.Devel|x64.ActiveCfg = Debug|x64
		{0057FFE5-0055-4791-833D-37541CB18D1B}.Devel|x64.Build.0 = Debug|x64
		{0057FFE5-0055-4791-833D-37541CB18D1B}.Devel|x86.ActiveCfg = Debug|x86
		{0057FFE5-0055-4791-833D-37541CB18D1B}.Devel|x86.Build.0 = Debug|x86
		{0057FFE5-0055-4791-833D-37541CB18D1B}.Release|Any CPU.ActiveCfg = Release|x86
		{0057FFE5-0055-4791-833D-37541CB18D1B}.Release|Any CPU.Build.0 = Release|x86
		{0057FFE5-0055-4791-833D-37541CB18D1B}.Release|Mixed Platforms.ActiveCfg = Release|x86
		{0057FFE5-0055-4791-833D-37541CB18D1B}.Release|Mixed Platforms.Build.0 = Release|x86
		{0057FFE5-0055-4791-833D-37541CB18D1B}.Release|Win32.ActiveCfg = Release|x86
		{0057FFE5-0055-4791-833D-37541CB18D1B}.Release|Win32.Build.0 = Release|x86
		{0057FFE5-0055-4791-833D-37541CB18D1B}.Release|x64.ActiveCfg = Release|x86
		{0057FFE5-0055-4791-833D-37541CB18D1B}.Release|x64.Build.0 = Release|x86
		{0057FFE5-0055-4791-833D-37541CB18D1B}.Release|x86.ActiveCfg = Release|x86
		{0057FFE5-0055-4791-833D-37541CB18D1B}.Release|x86.Build.0 = Release|x86
		{2D66FCE1-4596-4511-8B35-BA31E18AEBD1}.Debug|Any CPU.ActiveCfg = Release|x86
		{2D66FCE1-4596-4511-8B35-BA31E18AEBD1}.Debug|Any CPU.Build.0 = Release|x86
		{2D66FCE1-4596-4511-8B35-BA31E18AEBD1}.Debug|Mixed Platforms.ActiveCfg = Release|x86
		{2D66FCE1-4596-4511-8B35-BA31E18AEBD1}.Debug|Mixed Platforms.Build.0 = Release|x86
		{2D66FCE1-4596-4511-8B35-BA31E18AEBD1}.Debug|Win32.ActiveCfg = Release|x86
		{2D66FCE1-4596-4511-8B35-BA31E18AEBD1}.Debug|Win32.Build.0 = Release|x86
		{2D66FCE1-4596-4511-8B35-BA31E18AEBD1}.Debug|x64.ActiveCfg = Release|x86
		{2D66FCE1-4596-4511-8B35-BA31E18AEBD1}.Debug|x64.Build.0 = Release|x86
		{2D66FCE1-4596-4511-8B35-BA31E18AEBD1}.Debug|x86.ActiveCfg = Release|x86
		{2D66FCE1-4596-4511-8B35-BA31E18AEBD1}.Debug|x86.Build.0 = Release|x86
		{2D66FCE1-4596-4511-8B35-BA31E18AEBD1}.Devel|Any CPU.ActiveCfg = Debug|Any CPU
		{2D66FCE1-4596-4511-8B35-BA31E18AEBD1}.Devel|Any CPU.Build.0 = Debug|Any CPU
		{2D66FCE1-4596-4511-8B35-BA31E18AEBD1}.Devel|Mixed Platforms.ActiveCfg = Debug|x86
		{2D66FCE1-4596-4511-8B35-BA31E18AEBD1}.Devel|Mixed Platforms.Build.0 = Debug|x86
		{2D66FCE1-4596-4511-8B35-BA31E18AEBD1}.Devel|Win32.ActiveCfg = Debug|x86
		{2D66FCE1-4596-4511-8B35-BA31E18AEBD1}.Devel|Win32.Build.0 = Debug|x86
		{2D66FCE1-4596-4511-8B35-BA31E18AEBD1}.Devel|x64.ActiveCfg = Debug|x64
		{2D66FCE1-4596-4511-8B35-BA31E18AEBD1}.Devel|x64.Build.0 = Debug|x64
		{2D66FCE1-4596-4511-8B35-BA31E18AEBD1}.Devel|x86.ActiveCfg = Debug|x86
		{2D66FCE1-4596-4511-8B35-BA31E18AEBD1}.Devel|x86.Build.0 = Debug|x86
		{2D66FCE1-4596-4511-8B35-BA31E18AEBD1}.Release|Any CPU.ActiveCfg = Release|x86
		{2D66FCE1-4596-4511-8B35-BA31E18AEBD1}.Release|Any CPU.Build.0 = Release|x86
		{2D66FCE1-4596-4511-8B35-BA31E18AEBD1}.Release|Mixed Platforms.ActiveCfg = Release|x86
		{2D66FCE1-4596-4511-8B35-BA31E18AEBD1}.Release|Mixed Platforms.Build.0 = Release|x86
		{2D66FCE1-4596-4511-8B35-BA31E18AEBD1}.Release|Win32.ActiveCfg = Release|x86
		{2D66FCE1-4596-4511-8B35-BA31E18AEBD1}.Release|Win32.Build.0 = Release|x86
		{2D66FCE1-4596-4511-8B35-BA31E18AEBD1}.Release|x64.ActiveCfg = Release|x86
		{2D66FCE1-4596-4511-8B35-BA31E18AEBD1}.Release|x64.Build.0 = Release|x86
		{2D66FCE1-4596-4511-8B35-BA31E18AEBD1}.Release|x86.ActiveCfg = Release|x86
		{2D66FCE1-4596-4511-8B35-BA31E18AEBD1}.Release|x86.Build.0 = Release|x86
		{C55C69D3-2FB9-4EFC-BDCF-6887F036FC98}.Debug|Any CPU.ActiveCfg = Release|x86
		{C55C69D3-2FB9-4EFC-BDCF-6887F036FC98}.Debug|Any CPU.Build.0 = Release|x86
		{C55C69D3-2FB9-4EFC-BDCF-6887F036FC98}.Debug|Mixed Platforms.ActiveCfg = Release|x86
		{C55C69D3-2FB9-4EFC-BDCF-6887F036FC98}.Debug|Mixed Platforms.Build.0 = Release|x86
		{C55C69D3-2FB9-4EFC-BDCF-6887F036FC98}.Debug|Win32.ActiveCfg = Release|x86
		{C55C69D3-2FB9-4EFC-BDCF-6887F036FC98}.Debug|Win32.Build.0 = Release|x86
		{C55C69D3-2FB9-4EFC-BDCF-6887F036FC98}.Debug|x64.ActiveCfg = Release|x86
		{C55C69D3-2FB9-4EFC-BDCF-6887F036FC98}.Debug|x64.Build.0 = Release|x86
		{C55C69D3-2FB9-4EFC-BDCF-6887F036FC98}.Debug|x86.ActiveCfg = Release|x86
		{C55C69D3-2FB9-4EFC-BDCF-6887F036FC98}.Debug|x86.Build.0 = Release|x86
		{C55C69D3-2FB9-4EFC-BDCF-6887F036FC98}.Devel|Any CPU.ActiveCfg = Debug|Any CPU
		{C55C69D3-2FB9-4EFC-BDCF-6887F036FC98}.Devel|Any CPU.Build.0 = Debug|Any CPU
		{C55C69D3-2FB9-4EFC-BDCF-6887F036FC98}.Devel|Mixed Platforms.ActiveCfg = Debug|x86
		{C55C69D3-2FB9-4EFC-BDCF-6887F036FC98}.Devel|Mixed Platforms.Build.0 = Debug|x86
		{C55C69D3-2FB9-4EFC-BDCF-6887F036FC98}.Devel|Win32.ActiveCfg = Debug|x86
		{C55C69D3-2FB9-4EFC-BDCF-6887F036FC98}.Devel|Win32.Build.0 = Debug|x86
		{C55C69D3-2FB9-4EFC-BDCF-6887F036FC98}.Devel|x64.ActiveCfg = Debug|x64
		{C55C69D3-2FB9-4EFC-BDCF-6887F036FC98}.Devel|x64.Build.0 = Debug|x64
		{C55C69D3-2FB9-4EFC-BDCF-6887F036FC98}.Devel|x86.ActiveCfg = Debug|x86
		{C55C69D3-2FB9-4EFC-BDCF-6887F036FC98}.Devel|x86.Build.0 = Debug|x86
		{C55C69D3-2FB9-4EFC-BDCF-6887F036FC98}.Release|Any CPU.ActiveCfg = Release|x86
		{C55C69D3-2FB9-4EFC-BDCF-6887F036FC98}.Release|Any CPU.Build.0 = Release|x86
		{C55C69D3-2FB9-4EFC-BDCF-6887F036FC98}.Release|Mixed Platforms.ActiveCfg = Release|x86
		{C55C69D3-2FB9-4EFC-BDCF-6887F036FC98}.Release|Mixed Platforms.Build.0 = Release|x86
		{C55C69D3-2FB9-4EFC-BDCF-6887F036FC98}.Release|Win32.ActiveCfg = Release|x86
		{C55C69D3-2FB9-4EFC-BDCF-6887F036FC98}.Release|Win32.Build.0 = Release|x86
		{C55C69D3-2FB9-4EFC-BDCF-6887F036FC98}.Release|x64.ActiveCfg = Release|x86
		{C55C69D3-2FB9-4EFC-BDCF-6887F036FC98}.Release|x64.Build.0 = Release|x86
		{C55C69D3-2FB9-4EFC-BDCF-6887F036FC98}.Release|x86.ActiveCfg = Release|x86
		{C55C69D3-2FB9-4EFC-BDCF-6887F036FC98}.Release|x86.Build.0 = Release|x86
		{DD1A1E4F-AF9C-4092-AE8F-C56CAC734D74}.Debug|Any CPU.ActiveCfg = Release|Any CPU
		{DD1A1E4F-AF9C-4092-AE8F-C56CAC734D74}.Debug|Any CPU.Build.0 = Release|Any CPU
		{DD1A1E4F-AF9C-4092-AE8F-C56CAC734D74}.Debug|Mixed Platforms.ActiveCfg = Release|Any CPU
		{DD1A1E4F-AF9C-4092-AE8F-C56CAC734D74}.Debug|Mixed Platforms.Build.0 = Release|Any CPU
		{DD1A1E4F-AF9C-4092-AE8F-C56CAC734D74}.Debug|Win32.ActiveCfg = Release|Any CPU
		{DD1A1E4F-AF9C-4092-AE8F-C56CAC734D74}.Debug|Win32.Build.0 = Release|Any CPU
		{DD1A1E4F-AF9C-4092-AE8F-C56CAC734D74}.Debug|x64.ActiveCfg = Release|Any CPU
		{DD1A1E4F-AF9C-4092-AE8F-C56CAC734D74}.Debug|x64.Build.0 = Release|Any CPU
		{DD1A1E4F-AF9C-4092-AE8F-C56CAC734D74}.Debug|x86.ActiveCfg = Release|Any CPU
		{DD1A1E4F-AF9C-4092-AE8F-C56CAC734D74}.Debug|x86.Build.0 = Release|Any CPU
		{DD1A1E4F-AF9C-4092-AE8F-C56CAC734D74}.Devel|Any CPU.ActiveCfg = Debug|Any CPU
		{DD1A1E4F-AF9C-4092-AE8F-C56CAC734D74}.Devel|Any CPU.Build.0 = Debug|Any CPU
		{DD1A1E4F-AF9C-4092-AE8F-C56CAC734D74}.Devel|Mixed Platforms.ActiveCfg = Debug|Any CPU
		{DD1A1E4F-AF9C-4092-AE8F-C56CAC734D74}.Devel|Mixed Platforms.Build.0 = Debug|Any CPU
		{DD1A1E4F-AF9C-4092-AE8F-C56CAC734D74}.Devel|Win32.ActiveCfg = Debug|Any CPU
		{DD1A1E4F-AF9C-4092-AE8F-C56CAC734D74}.Devel|Win32.Build.0 = Debug|Any CPU
		{DD1A1E4F-AF9C-4092-AE8F-C56CAC734D74}.Devel|x64.ActiveCfg = Debug|Any CPU
		{DD1A1E4F-AF9C-4092-AE8F-C56CAC734D74}.Devel|x64.Build.0 = Debug|Any CPU
		{DD1A1E4F-AF9C-4092-AE8F-C56CAC734D74}.Devel|x86.ActiveCfg = Debug|Any CPU
		{DD1A1E4F-AF9C-4092-AE8F-C56CAC734D74}.Devel|x86.Build.0 = Debug|Any CPU
		{DD1A1E4F-AF9C-4092-AE8F-C56CAC734D74}.Release|Any CPU.ActiveCfg = Release|Any CPU
		{DD1A1E4F-AF9C-4092-AE8F-C56CAC734D74}.Release|Any CPU.Build.0 = Release|Any CPU
		{DD1A1E4F-AF9C-4092-AE8F-C56CAC734D74}.Release|Mixed Platforms.ActiveCfg = Release|Any CPU
		{DD1A1E4F-AF9C-4092-AE8F-C56CAC734D74}.Release|Mixed Platforms.Build.0 = Release|Any CPU
		{DD1A1E4F-AF9C-4092-AE8F-C56CAC734D74}.Release|Win32.ActiveCfg = Release|Any CPU
		{DD1A1E4F-AF9C-4092-AE8F-C56CAC734D74}.Release|Win32.Build.0 = Release|Any CPU
		{DD1A1E4F-AF9C-4092-AE8F-C56CAC734D74}.Release|x64.ActiveCfg = Release|Any CPU
		{DD1A1E4F-AF9C-4092-AE8F-C56CAC734D74}.Release|x64.Build.0 = Release|Any CPU
		{DD1A1E4F-AF9C-4092-AE8F-C56CAC734D74}.Release|x86.ActiveCfg = Release|Any CPU
		{DD1A1E4F-AF9C-4092-AE8F-C56CAC734D74}.Release|x86.Build.0 = Release|Any CPU
		{91A798D6-3DE3-4B65-B641-20163A79E4AD}.Debug|Any CPU.ActiveCfg = Release|x86
		{91A798D6-3DE3-4B65-B641-20163A79E4AD}.Debug|Any CPU.Build.0 = Release|x86
		{91A798D6-3DE3-4B65-B641-20163A79E4AD}.Debug|Mixed Platforms.ActiveCfg = Release|x86
		{91A798D6-3DE3-4B65-B641-20163A79E4AD}.Debug|Mixed Platforms.Build.0 = Release|x86
		{91A798D6-3DE3-4B65-B641-20163A79E4AD}.Debug|Win32.ActiveCfg = Release|x86
		{91A798D6-3DE3-4B65-B641-20163A79E4AD}.Debug|Win32.Build.0 = Release|x86
		{91A798D6-3DE3-4B65-B641-20163A79E4AD}.Debug|x64.ActiveCfg = Release|x86
		{91A798D6-3DE3-4B65-B641-20163A79E4AD}.Debug|x64.Build.0 = Release|x86
		{91A798D6-3DE3-4B65-B641-20163A79E4AD}.Debug|x86.ActiveCfg = Release|x86
		{91A798D6-3DE3-4B65-B641-20163A79E4AD}.Debug|x86.Build.0 = Release|x86
		{91A798D6-3DE3-4B65-B641-20163A79E4AD}.Devel|Any CPU.ActiveCfg = Debug|Any CPU
		{91A798D6-3DE3-4B65-B641-20163A79E4AD}.Devel|Any CPU.Build.0 = Debug|Any CPU
		{91A798D6-3DE3-4B65-B641-20163A79E4AD}.Devel|Mixed Platforms.ActiveCfg = Debug|x86
		{91A798D6-3DE3-4B65-B641-20163A79E4AD}.Devel|Mixed Platforms.Build.0 = Debug|x86
		{91A798D6-3DE3-4B65-B641-20163A79E4AD}.Devel|Win32.ActiveCfg = Debug|x86
		{91A798D6-3DE3-4B65-B641-20163A79E4AD}.Devel|Win32.Build.0 = Debug|x86
		{91A798D6-3DE3-4B65-B641-20163A79E4AD}.Devel|x64.ActiveCfg = Debug|Any CPU
		{91A798D6-3DE3-4B65-B641-20163A79E4AD}.Devel|x64.Build.0 = Debug|Any CPU
		{91A798D6-3DE3-4B65-B641-20163A79E4AD}.Devel|x86.ActiveCfg = Debug|x86
		{91A798D6-3DE3-4B65-B641-20163A79E4AD}.Devel|x86.Build.0 = Debug|x86
		{91A798D6-3DE3-4B65-B641-20163A79E4AD}.Release|Any CPU.ActiveCfg = Release|x86
		{91A798D6-3DE3-4B65-B641-20163A79E4AD}.Release|Any CPU.Build.0 = Release|x86
		{91A798D6-3DE3-4B65-B641-20163A79E4AD}.Release|Mixed Platforms.ActiveCfg = Release|x86
		{91A798D6-3DE3-4B65-B641-20163A79E4AD}.Release|Mixed Platforms.Build.0 = Release|x86
		{91A798D6-3DE3-4B65-B641-20163A79E4AD}.Release|Win32.ActiveCfg = Release|x86
		{91A798D6-3DE3-4B65-B641-20163A79E4AD}.Release|Win32.Build.0 = Release|x86
		{91A798D6-3DE3-4B65-B641-20163A79E4AD}.Release|x64.ActiveCfg = Release|x86
		{91A798D6-3DE3-4B65-B641-20163A79E4AD}.Release|x64.Build.0 = Release|x86
		{91A798D6-3DE3-4B65-B641-20163A79E4AD}.Release|x86.ActiveCfg = Release|x86
		{91A798D6-3DE3-4B65-B641-20163A79E4AD}.Release|x86.Build.0 = Release|x86
		{B8735E1D-D3D8-409C-ABEE-5A526A1869C7}.Debug|Any CPU.ActiveCfg = Release|Any CPU
		{B8735E1D-D3D8-409C-ABEE-5A526A1869C7}.Debug|Any CPU.Build.0 = Release|Any CPU
		{B8735E1D-D3D8-409C-ABEE-5A526A1869C7}.Debug|Mixed Platforms.ActiveCfg = Release|Any CPU
		{B8735E1D-D3D8-409C-ABEE-5A526A1869C7}.Debug|Mixed Platforms.Build.0 = Release|Any CPU
		{B8735E1D-D3D8-409C-ABEE-5A526A1869C7}.Debug|Win32.ActiveCfg = Release|Any CPU
		{B8735E1D-D3D8-409C-ABEE-5A526A1869C7}.Debug|Win32.Build.0 = Release|Any CPU
		{B8735E1D-D3D8-409C-ABEE-5A526A1869C7}.Debug|x64.ActiveCfg = Release|Any CPU
		{B8735E1D-D3D8-409C-ABEE-5A526A1869C7}.Debug|x64.Build.0 = Release|Any CPU
		{B8735E1D-D3D8-409C-ABEE-5A526A1869C7}.Debug|x86.ActiveCfg = Release|Any CPU
		{B8735E1D-D3D8-409C-ABEE-5A526A1869C7}.Debug|x86.Build.0 = Release|Any CPU
		{B8735E1D-D3D8-409C-ABEE-5A526A1869C7}.Devel|Any CPU.ActiveCfg = Debug|Any CPU
		{B8735E1D-D3D8-409C-ABEE-5A526A1869C7}.Devel|Any CPU.Build.0 = Debug|Any CPU
		{B8735E1D-D3D8-409C-ABEE-5A526A1869C7}.Devel|Mixed Platforms.ActiveCfg = Debug|Any CPU
		{B8735E1D-D3D8-409C-ABEE-5A526A1869C7}.Devel|Mixed Platforms.Build.0 = Debug|Any CPU
		{B8735E1D-D3D8-409C-ABEE-5A526A1869C7}.Devel|Win32.ActiveCfg = Debug|Any CPU
		{B8735E1D-D3D8-409C-ABEE-5A526A1869C7}.Devel|Win32.Build.0 = Debug|Any CPU
		{B8735E1D-D3D8-409C-ABEE-5A526A1869C7}.Devel|x64.ActiveCfg = Debug|Any CPU
		{B8735E1D-D3D8-409C-ABEE-5A526A1869C7}.Devel|x64.Build.0 = Debug|Any CPU
		{B8735E1D-D3D8-409C-ABEE-5A526A1869C7}.Devel|x86.ActiveCfg = Debug|Any CPU
		{B8735E1D-D3D8-409C-ABEE-5A526A1869C7}.Devel|x86.Build.0 = Debug|Any CPU
		{B8735E1D-D3D8-409C-ABEE-5A526A1869C7}.Release|Any CPU.ActiveCfg = Release|Any CPU
		{B8735E1D-D3D8-409C-ABEE-5A526A1869C7}.Release|Any CPU.Build.0 = Release|Any CPU
		{B8735E1D-D3D8-409C-ABEE-5A526A1869C7}.Release|Mixed Platforms.ActiveCfg = Release|Any CPU
		{B8735E1D-D3D8-409C-ABEE-5A526A1869C7}.Release|Mixed Platforms.Build.0 = Release|Any CPU
		{B8735E1D-D3D8-409C-ABEE-5A526A1869C7}.Release|Win32.ActiveCfg = Release|Any CPU
		{B8735E1D-D3D8-409C-ABEE-5A526A1869C7}.Release|Win32.Build.0 = Release|Any CPU
		{B8735E1D-D3D8-409C-ABEE-5A526A1869C7}.Release|x64.ActiveCfg = Release|Any CPU
		{B8735E1D-D3D8-409C-ABEE-5A526A1869C7}.Release|x64.Build.0 = Release|Any CPU
		{B8735E1D-D3D8-409C-ABEE-5A526A1869C7}.Release|x86.ActiveCfg = Release|Any CPU
		{B8735E1D-D3D8-409C-ABEE-5A526A1869C7}.Release|x86.Build.0 = Release|Any CPU
		{4B35699C-430C-4D2F-A4C9-BD01ABDA681A}.Debug|Any CPU.ActiveCfg = Release|Any CPU
		{4B35699C-430C-4D2F-A4C9-BD01ABDA681A}.Debug|Any CPU.Build.0 = Release|Any CPU
		{4B35699C-430C-4D2F-A4C9-BD01ABDA681A}.Debug|Mixed Platforms.ActiveCfg = Release|Any CPU
		{4B35699C-430C-4D2F-A4C9-BD01ABDA681A}.Debug|Mixed Platforms.Build.0 = Release|Any CPU
		{4B35699C-430C-4D2F-A4C9-BD01ABDA681A}.Debug|Win32.ActiveCfg = Release|Any CPU
		{4B35699C-430C-4D2F-A4C9-BD01ABDA681A}.Debug|Win32.Build.0 = Release|Any CPU
		{4B35699C-430C-4D2F-A4C9-BD01ABDA681A}.Debug|x64.ActiveCfg = Release|Any CPU
		{4B35699C-430C-4D2F-A4C9-BD01ABDA681A}.Debug|x64.Build.0 = Release|Any CPU
		{4B35699C-430C-4D2F-A4C9-BD01ABDA681A}.Debug|x86.ActiveCfg = Release|Any CPU
		{4B35699C-430C-4D2F-A4C9-BD01ABDA681A}.Debug|x86.Build.0 = Release|Any CPU
		{4B35699C-430C-4D2F-A4C9-BD01ABDA681A}.Devel|Any CPU.ActiveCfg = Debug|Any CPU
		{4B35699C-430C-4D2F-A4C9-BD01ABDA681A}.Devel|Any CPU.Build.0 = Debug|Any CPU
		{4B35699C-430C-4D2F-A4C9-BD01ABDA681A}.Devel|Mixed Platforms.ActiveCfg = Debug|Any CPU
		{4B35699C-430C-4D2F-A4C9-BD01ABDA681A}.Devel|Mixed Platforms.Build.0 = Debug|Any CPU
		{4B35699C-430C-4D2F-A4C9-BD01ABDA681A}.Devel|Win32.ActiveCfg = Debug|Any CPU
		{4B35699C-430C-4D2F-A4C9-BD01ABDA681A}.Devel|Win32.Build.0 = Debug|Any CPU
		{4B35699C-430C-4D2F-A4C9-BD01ABDA681A}.Devel|x64.ActiveCfg = Debug|Any CPU
		{4B35699C-430C-4D2F-A4C9-BD01ABDA681A}.Devel|x64.Build.0 = Debug|Any CPU
		{4B35699C-430C-4D2F-A4C9-BD01ABDA681A}.Devel|x86.ActiveCfg = Debug|Any CPU
		{4B35699C-430C-4D2F-A4C9-BD01ABDA681A}.Devel|x86.Build.0 = Debug|Any CPU
		{4B35699C-430C-4D2F-A4C9-BD01ABDA681A}.Release|Any CPU.ActiveCfg = Release|Any CPU
		{4B35699C-430C-4D2F-A4C9-BD01ABDA681A}.Release|Any CPU.Build.0 = Release|Any CPU
		{4B35699C-430C-4D2F-A4C9-BD01ABDA681A}.Release|Mixed Platforms.ActiveCfg = Release|Any CPU
		{4B35699C-430C-4D2F-A4C9-BD01ABDA681A}.Release|Mixed Platforms.Build.0 = Release|Any CPU
		{4B35699C-430C-4D2F-A4C9-BD01ABDA681A}.Release|Win32.ActiveCfg = Release|Any CPU
		{4B35699C-430C-4D2F-A4C9-BD01ABDA681A}.Release|Win32.Build.0 = Release|Any CPU
		{4B35699C-430C-4D2F-A4C9-BD01ABDA681A}.Release|x64.ActiveCfg = Release|Any CPU
		{4B35699C-430C-4D2F-A4C9-BD01ABDA681A}.Release|x64.Build.0 = Release|Any CPU
		{4B35699C-430C-4D2F-A4C9-BD01ABDA681A}.Release|x86.ActiveCfg = Release|Any CPU
		{4B35699C-430C-4D2F-A4C9-BD01ABDA681A}.Release|x86.Build.0 = Release|Any CPU
		{54274E51-C75B-41E3-B9FC-6A94ACBB055A}.Debug|Any CPU.ActiveCfg = Release|Any CPU
		{54274E51-C75B-41E3-B9FC-6A94ACBB055A}.Debug|Any CPU.Build.0 = Release|Any CPU
		{54274E51-C75B-41E3-B9FC-6A94ACBB055A}.Debug|Mixed Platforms.ActiveCfg = Release|Any CPU
		{54274E51-C75B-41E3-B9FC-6A94ACBB055A}.Debug|Mixed Platforms.Build.0 = Release|Any CPU
		{54274E51-C75B-41E3-B9FC-6A94ACBB055A}.Debug|Win32.ActiveCfg = Release|Any CPU
		{54274E51-C75B-41E3-B9FC-6A94ACBB055A}.Debug|Win32.Build.0 = Release|Any CPU
		{54274E51-C75B-41E3-B9FC-6A94ACBB055A}.Debug|x64.ActiveCfg = Release|Any CPU
		{54274E51-C75B-41E3-B9FC-6A94ACBB055A}.Debug|x64.Build.0 = Release|Any CPU
		{54274E51-C75B-41E3-B9FC-6A94ACBB055A}.Debug|x86.ActiveCfg = Release|Any CPU
		{54274E51-C75B-41E3-B9FC-6A94ACBB055A}.Debug|x86.Build.0 = Release|Any CPU
		{54274E51-C75B-41E3-B9FC-6A94ACBB055A}.Devel|Any CPU.ActiveCfg = Debug|Any CPU
		{54274E51-C75B-41E3-B9FC-6A94ACBB055A}.Devel|Any CPU.Build.0 = Debug|Any CPU
		{54274E51-C75B-41E3-B9FC-6A94ACBB055A}.Devel|Mixed Platforms.ActiveCfg = Debug|Any CPU
		{54274E51-C75B-41E3-B9FC-6A94ACBB055A}.Devel|Mixed Platforms.Build.0 = Debug|Any CPU
		{54274E51-C75B-41E3-B9FC-6A94ACBB055A}.Devel|Win32.ActiveCfg = Debug|Any CPU
		{54274E51-C75B-41E3-B9FC-6A94ACBB055A}.Devel|Win32.Build.0 = Debug|Any CPU
		{54274E51-C75B-41E3-B9FC-6A94ACBB055A}.Devel|x64.ActiveCfg = Debug|Any CPU
		{54274E51-C75B-41E3-B9FC-6A94ACBB055A}.Devel|x64.Build.0 = Debug|Any CPU
		{54274E51-C75B-41E3-B9FC-6A94ACBB055A}.Devel|x86.ActiveCfg = Debug|Any CPU
		{54274E51-C75B-41E3-B9FC-6A94ACBB055A}.Devel|x86.Build.0 = Debug|Any CPU
		{54274E51-C75B-41E3-B9FC-6A94ACBB055A}.Release|Any CPU.ActiveCfg = Release|Any CPU
		{54274E51-C75B-41E3-B9FC-6A94ACBB055A}.Release|Any CPU.Build.0 = Release|Any CPU
		{54274E51-C75B-41E3-B9FC-6A94ACBB055A}.Release|Mixed Platforms.ActiveCfg = Release|Any CPU
		{54274E51-C75B-41E3-B9FC-6A94ACBB055A}.Release|Mixed Platforms.Build.0 = Release|Any CPU
		{54274E51-C75B-41E3-B9FC-6A94ACBB055A}.Release|Win32.ActiveCfg = Release|Any CPU
		{54274E51-C75B-41E3-B9FC-6A94ACBB055A}.Release|Win32.Build.0 = Release|Any CPU
		{54274E51-C75B-41E3-B9FC-6A94ACBB055A}.Release|x64.ActiveCfg = Release|Any CPU
		{54274E51-C75B-41E3-B9FC-6A94ACBB055A}.Release|x64.Build.0 = Release|Any CPU
		{54274E51-C75B-41E3-B9FC-6A94ACBB055A}.Release|x86.ActiveCfg = Release|Any CPU
		{54274E51-C75B-41E3-B9FC-6A94ACBB055A}.Release|x86.Build.0 = Release|Any CPU
		{741ABBCC-4160-4102-BC16-16CEFB5D44BD}.Debug|Any CPU.ActiveCfg = Release|x86
		{741ABBCC-4160-4102-BC16-16CEFB5D44BD}.Debug|Any CPU.Build.0 = Release|x86
		{741ABBCC-4160-4102-BC16-16CEFB5D44BD}.Debug|Mixed Platforms.ActiveCfg = Release|x86
		{741ABBCC-4160-4102-BC16-16CEFB5D44BD}.Debug|Mixed Platforms.Build.0 = Release|x86
		{741ABBCC-4160-4102-BC16-16CEFB5D44BD}.Debug|Win32.ActiveCfg = Release|x86
		{741ABBCC-4160-4102-BC16-16CEFB5D44BD}.Debug|Win32.Build.0 = Release|x86
		{741ABBCC-4160-4102-BC16-16CEFB5D44BD}.Debug|x64.ActiveCfg = Release|x86
		{741ABBCC-4160-4102-BC16-16CEFB5D44BD}.Debug|x64.Build.0 = Release|x86
		{741ABBCC-4160-4102-BC16-16CEFB5D44BD}.Debug|x86.ActiveCfg = Release|x86
		{741ABBCC-4160-4102-BC16-16CEFB5D44BD}.Debug|x86.Build.0 = Release|x86
		{741ABBCC-4160-4102-BC16-16CEFB5D44BD}.Devel|Any CPU.ActiveCfg = Debug|Any CPU
		{741ABBCC-4160-4102-BC16-16CEFB5D44BD}.Devel|Any CPU.Build.0 = Debug|Any CPU
		{741ABBCC-4160-4102-BC16-16CEFB5D44BD}.Devel|Mixed Platforms.ActiveCfg = Debug|x86
		{741ABBCC-4160-4102-BC16-16CEFB5D44BD}.Devel|Mixed Platforms.Build.0 = Debug|x86
		{741ABBCC-4160-4102-BC16-16CEFB5D44BD}.Devel|Win32.ActiveCfg = Debug|x86
		{741ABBCC-4160-4102-BC16-16CEFB5D44BD}.Devel|Win32.Build.0 = Debug|x86
		{741ABBCC-4160-4102-BC16-16CEFB5D44BD}.Devel|x64.ActiveCfg = Debug|Any CPU
		{741ABBCC-4160-4102-BC16-16CEFB5D44BD}.Devel|x64.Build.0 = Debug|Any CPU
		{741ABBCC-4160-4102-BC16-16CEFB5D44BD}.Devel|x86.ActiveCfg = Debug|x86
		{741ABBCC-4160-4102-BC16-16CEFB5D44BD}.Devel|x86.Build.0 = Debug|x86
		{741ABBCC-4160-4102-BC16-16CEFB5D44BD}.Release|Any CPU.ActiveCfg = Release|x86
		{741ABBCC-4160-4102-BC16-16CEFB5D44BD}.Release|Any CPU.Build.0 = Release|x86
		{741ABBCC-4160-4102-BC16-16CEFB5D44BD}.Release|Mixed Platforms.ActiveCfg = Release|x86
		{741ABBCC-4160-4102-BC16-16CEFB5D44BD}.Release|Mixed Platforms.Build.0 = Release|x86
		{741ABBCC-4160-4102-BC16-16CEFB5D44BD}.Release|Win32.ActiveCfg = Release|x86
		{741ABBCC-4160-4102-BC16-16CEFB5D44BD}.Release|Win32.Build.0 = Release|x86
		{741ABBCC-4160-4102-BC16-16CEFB5D44BD}.Release|x64.ActiveCfg = Release|x86
		{741ABBCC-4160-4102-BC16-16CEFB5D44BD}.Release|x64.Build.0 = Release|x86
		{741ABBCC-4160-4102-BC16-16CEFB5D44BD}.Release|x86.ActiveCfg = Release|x86
		{741ABBCC-4160-4102-BC16-16CEFB5D44BD}.Release|x86.Build.0 = Release|x86
		{E0DC3663-C69C-4824-A61C-06D2F13104F3}.Debug|Any CPU.ActiveCfg = Release|Any CPU
		{E0DC3663-C69C-4824-A61C-06D2F13104F3}.Debug|Any CPU.Build.0 = Release|Any CPU
		{E0DC3663-C69C-4824-A61C-06D2F13104F3}.Debug|Mixed Platforms.ActiveCfg = Release|Any CPU
		{E0DC3663-C69C-4824-A61C-06D2F13104F3}.Debug|Mixed Platforms.Build.0 = Release|Any CPU
		{E0DC3663-C69C-4824-A61C-06D2F13104F3}.Debug|Win32.ActiveCfg = Release|Any CPU
		{E0DC3663-C69C-4824-A61C-06D2F13104F3}.Debug|Win32.Build.0 = Release|Any CPU
		{E0DC3663-C69C-4824-A61C-06D2F13104F3}.Debug|x64.ActiveCfg = Release|Any CPU
		{E0DC3663-C69C-4824-A61C-06D2F13104F3}.Debug|x64.Build.0 = Release|Any CPU
		{E0DC3663-C69C-4824-A61C-06D2F13104F3}.Debug|x86.ActiveCfg = Release|Any CPU
		{E0DC3663-C69C-4824-A61C-06D2F13104F3}.Debug|x86.Build.0 = Release|Any CPU
		{E0DC3663-C69C-4824-A61C-06D2F13104F3}.Devel|Any CPU.ActiveCfg = Debug|Any CPU
		{E0DC3663-C69C-4824-A61C-06D2F13104F3}.Devel|Any CPU.Build.0 = Debug|Any CPU
		{E0DC3663-C69C-4824-A61C-06D2F13104F3}.Devel|Mixed Platforms.ActiveCfg = Debug|Any CPU
		{E0DC3663-C69C-4824-A61C-06D2F13104F3}.Devel|Mixed Platforms.Build.0 = Debug|Any CPU
		{E0DC3663-C69C-4824-A61C-06D2F13104F3}.Devel|Win32.ActiveCfg = Debug|Any CPU
		{E0DC3663-C69C-4824-A61C-06D2F13104F3}.Devel|Win32.Build.0 = Debug|Any CPU
		{E0DC3663-C69C-4824-A61C-06D2F13104F3}.Devel|x64.ActiveCfg = Debug|Any CPU
		{E0DC3663-C69C-4824-A61C-06D2F13104F3}.Devel|x64.Build.0 = Debug|Any CPU
		{E0DC3663-C69C-4824-A61C-06D2F13104F3}.Devel|x86.ActiveCfg = Debug|Any CPU
		{E0DC3663-C69C-4824-A61C-06D2F13104F3}.Devel|x86.Build.0 = Debug|Any CPU
		{E0DC3663-C69C-4824-A61C-06D2F13104F3}.Release|Any CPU.ActiveCfg = Release|Any CPU
		{E0DC3663-C69C-4824-A61C-06D2F13104F3}.Release|Any CPU.Build.0 = Release|Any CPU
		{E0DC3663-C69C-4824-A61C-06D2F13104F3}.Release|Mixed Platforms.ActiveCfg = Release|Any CPU
		{E0DC3663-C69C-4824-A61C-06D2F13104F3}.Release|Mixed Platforms.Build.0 = Release|Any CPU
		{E0DC3663-C69C-4824-A61C-06D2F13104F3}.Release|Win32.ActiveCfg = Release|Any CPU
		{E0DC3663-C69C-4824-A61C-06D2F13104F3}.Release|Win32.Build.0 = Release|Any CPU
		{E0DC3663-C69C-4824-A61C-06D2F13104F3}.Release|x64.ActiveCfg = Release|Any CPU
		{E0DC3663-C69C-4824-A61C-06D2F13104F3}.Release|x64.Build.0 = Release|Any CPU
		{E0DC3663-C69C-4824-A61C-06D2F13104F3}.Release|x86.ActiveCfg = Release|Any CPU
		{E0DC3663-C69C-4824-A61C-06D2F13104F3}.Release|x86.Build.0 = Release|Any CPU
		{11C72821-E29F-421E-B927-561FB1D5B4CC}.Debug|Any CPU.ActiveCfg = Release|Any CPU
		{11C72821-E29F-421E-B927-561FB1D5B4CC}.Debug|Any CPU.Build.0 = Release|Any CPU
		{11C72821-E29F-421E-B927-561FB1D5B4CC}.Debug|Mixed Platforms.ActiveCfg = Release|Any CPU
		{11C72821-E29F-421E-B927-561FB1D5B4CC}.Debug|Mixed Platforms.Build.0 = Release|Any CPU
		{11C72821-E29F-421E-B927-561FB1D5B4CC}.Debug|Win32.ActiveCfg = Release|Any CPU
		{11C72821-E29F-421E-B927-561FB1D5B4CC}.Debug|Win32.Build.0 = Release|Any CPU
		{11C72821-E29F-421E-B927-561FB1D5B4CC}.Debug|x64.ActiveCfg = Release|Any CPU
		{11C72821-E29F-421E-B927-561FB1D5B4CC}.Debug|x64.Build.0 = Release|Any CPU
		{11C72821-E29F-421E-B927-561FB1D5B4CC}.Debug|x86.ActiveCfg = Release|Any CPU
		{11C72821-E29F-421E-B927-561FB1D5B4CC}.Debug|x86.Build.0 = Release|Any CPU
		{11C72821-E29F-421E-B927-561FB1D5B4CC}.Devel|Any CPU.ActiveCfg = Debug|Any CPU
		{11C72821-E29F-421E-B927-561FB1D5B4CC}.Devel|Any CPU.Build.0 = Debug|Any CPU
		{11C72821-E29F-421E-B927-561FB1D5B4CC}.Devel|Mixed Platforms.ActiveCfg = Debug|Any CPU
		{11C72821-E29F-421E-B927-561FB1D5B4CC}.Devel|Mixed Platforms.Build.0 = Debug|Any CPU
		{11C72821-E29F-421E-B927-561FB1D5B4CC}.Devel|Win32.ActiveCfg = Debug|Any CPU
		{11C72821-E29F-421E-B927-561FB1D5B4CC}.Devel|Win32.Build.0 = Debug|Any CPU
		{11C72821-E29F-421E-B927-561FB1D5B4CC}.Devel|x64.ActiveCfg = Debug|Any CPU
		{11C72821-E29F-421E-B927-561FB1D5B4CC}.Devel|x64.Build.0 = Debug|Any CPU
		{11C72821-E29F-421E-B927-561FB1D5B4CC}.Devel|x86.ActiveCfg = Debug|Any CPU
		{11C72821-E29F-421E-B927-561FB1D5B4CC}.Devel|x86.Build.0 = Debug|Any CPU
		{11C72821-E29F-421E-B927-561FB1D5B4CC}.Release|Any CPU.ActiveCfg = Release|Any CPU
		{11C72821-E29F-421E-B927-561FB1D5B4CC}.Release|Any CPU.Build.0 = Release|Any CPU
		{11C72821-E29F-421E-B927-561FB1D5B4CC}.Release|Mixed Platforms.ActiveCfg = Release|Any CPU
		{11C72821-E29F-421E-B927-561FB1D5B4CC}.Release|Mixed Platforms.Build.0 = Release|Any CPU
		{11C72821-E29F-421E-B927-561FB1D5B4CC}.Release|Win32.ActiveCfg = Release|Any CPU
		{11C72821-E29F-421E-B927-561FB1D5B4CC}.Release|Win32.Build.0 = Release|Any CPU
		{11C72821-E29F-421E-B927-561FB1D5B4CC}.Release|x64.ActiveCfg = Release|Any CPU
		{11C72821-E29F-421E-B927-561FB1D5B4CC}.Release|x64.Build.0 = Release|Any CPU
		{11C72821-E29F-421E-B927-561FB1D5B4CC}.Release|x86.ActiveCfg = Release|Any CPU
		{11C72821-E29F-421E-B927-561FB1D5B4CC}.Release|x86.Build.0 = Release|Any CPU
		{0AD96152-EB0C-4F31-B4F4-583CE88A5046}.Debug|Any CPU.ActiveCfg = Release|Any CPU
		{0AD96152-EB0C-4F31-B4F4-583CE88A5046}.Debug|Any CPU.Build.0 = Release|Any CPU
		{0AD96152-EB0C-4F31-B4F4-583CE88A5046}.Debug|Mixed Platforms.ActiveCfg = Release|Any CPU
		{0AD96152-EB0C-4F31-B4F4-583CE88A5046}.Debug|Mixed Platforms.Build.0 = Release|Any CPU
		{0AD96152-EB0C-4F31-B4F4-583CE88A5046}.Debug|Win32.ActiveCfg = Release|Any CPU
		{0AD96152-EB0C-4F31-B4F4-583CE88A5046}.Debug|Win32.Build.0 = Release|Any CPU
		{0AD96152-EB0C-4F31-B4F4-583CE88A5046}.Debug|x64.ActiveCfg = Release|Any CPU
		{0AD96152-EB0C-4F31-B4F4-583CE88A5046}.Debug|x64.Build.0 = Release|Any CPU
		{0AD96152-EB0C-4F31-B4F4-583CE88A5046}.Debug|x86.ActiveCfg = Release|Any CPU
		{0AD96152-EB0C-4F31-B4F4-583CE88A5046}.Debug|x86.Build.0 = Release|Any CPU
		{0AD96152-EB0C-4F31-B4F4-583CE88A5046}.Devel|Any CPU.ActiveCfg = Debug|Any CPU
		{0AD96152-EB0C-4F31-B4F4-583CE88A5046}.Devel|Any CPU.Build.0 = Debug|Any CPU
		{0AD96152-EB0C-4F31-B4F4-583CE88A5046}.Devel|Mixed Platforms.ActiveCfg = Debug|Any CPU
		{0AD96152-EB0C-4F31-B4F4-583CE88A5046}.Devel|Mixed Platforms.Build.0 = Debug|Any CPU
		{0AD96152-EB0C-4F31-B4F4-583CE88A5046}.Devel|Win32.ActiveCfg = Debug|Any CPU
		{0AD96152-EB0C-4F31-B4F4-583CE88A5046}.Devel|Win32.Build.0 = Debug|Any CPU
		{0AD96152-EB0C-4F31-B4F4-583CE88A5046}.Devel|x64.ActiveCfg = Debug|Any CPU
		{0AD96152-EB0C-4F31-B4F4-583CE88A5046}.Devel|x64.Build.0 = Debug|Any CPU
		{0AD96152-EB0C-4F31-B4F4-583CE88A5046}.Devel|x86.ActiveCfg = Debug|Any CPU
		{0AD96152-EB0C-4F31-B4F4-583CE88A5046}.Devel|x86.Build.0 = Debug|Any CPU
		{0AD96152-EB0C-4F31-B4F4-583CE88A5046}.Release|Any CPU.ActiveCfg = Release|Any CPU
		{0AD96152-EB0C-4F31-B4F4-583CE88A5046}.Release|Any CPU.Build.0 = Release|Any CPU
		{0AD96152-EB0C-4F31-B4F4-583CE88A5046}.Release|Mixed Platforms.ActiveCfg = Release|Any CPU
		{0AD96152-EB0C-4F31-B4F4-583CE88A5046}.Release|Mixed Platforms.Build.0 = Release|Any CPU
		{0AD96152-EB0C-4F31-B4F4-583CE88A5046}.Release|Win32.ActiveCfg = Release|Any CPU
		{0AD96152-EB0C-4F31-B4F4-583CE88A5046}.Release|Win32.Build.0 = Release|Any CPU
		{0AD96152-EB0C-4F31-B4F4-583CE88A5046}.Release|x64.ActiveCfg = Release|Any CPU
		{0AD96152-EB0C-4F31-B4F4-583CE88A5046}.Release|x64.Build.0 = Release|Any CPU
		{0AD96152-EB0C-4F31-B4F4-583CE88A5046}.Release|x86.ActiveCfg = Release|Any CPU
		{0AD96152-EB0C-4F31-B4F4-583CE88A5046}.Release|x86.Build.0 = Release|Any CPU
		{E04E5FB2-58CD-4C4F-AE51-74204B86087C}.Debug|Any CPU.ActiveCfg = Release|Any CPU
		{E04E5FB2-58CD-4C4F-AE51-74204B86087C}.Debug|Any CPU.Build.0 = Release|Any CPU
		{E04E5FB2-58CD-4C4F-AE51-74204B86087C}.Debug|Mixed Platforms.ActiveCfg = Release|Any CPU
		{E04E5FB2-58CD-4C4F-AE51-74204B86087C}.Debug|Mixed Platforms.Build.0 = Release|Any CPU
		{E04E5FB2-58CD-4C4F-AE51-74204B86087C}.Debug|Win32.ActiveCfg = Release|Any CPU
		{E04E5FB2-58CD-4C4F-AE51-74204B86087C}.Debug|Win32.Build.0 = Release|Any CPU
		{E04E5FB2-58CD-4C4F-AE51-74204B86087C}.Debug|x64.ActiveCfg = Release|Any CPU
		{E04E5FB2-58CD-4C4F-AE51-74204B86087C}.Debug|x64.Build.0 = Release|Any CPU
		{E04E5FB2-58CD-4C4F-AE51-74204B86087C}.Debug|x86.ActiveCfg = Release|Any CPU
		{E04E5FB2-58CD-4C4F-AE51-74204B86087C}.Debug|x86.Build.0 = Release|Any CPU
		{E04E5FB2-58CD-4C4F-AE51-74204B86087C}.Devel|Any CPU.ActiveCfg = Debug|Any CPU
		{E04E5FB2-58CD-4C4F-AE51-74204B86087C}.Devel|Any CPU.Build.0 = Debug|Any CPU
		{E04E5FB2-58CD-4C4F-AE51-74204B86087C}.Devel|Mixed Platforms.ActiveCfg = Debug|Any CPU
		{E04E5FB2-58CD-4C4F-AE51-74204B86087C}.Devel|Mixed Platforms.Build.0 = Debug|Any CPU
		{E04E5FB2-58CD-4C4F-AE51-74204B86087C}.Devel|Win32.ActiveCfg = Debug|Any CPU
		{E04E5FB2-58CD-4C4F-AE51-74204B86087C}.Devel|Win32.Build.0 = Debug|Any CPU
		{E04E5FB2-58CD-4C4F-AE51-74204B86087C}.Devel|x64.ActiveCfg = Debug|Any CPU
		{E04E5FB2-58CD-4C4F-AE51-74204B86087C}.Devel|x64.Build.0 = Debug|Any CPU
		{E04E5FB2-58CD-4C4F-AE51-74204B86087C}.Devel|x86.ActiveCfg = Debug|Any CPU
		{E04E5FB2-58CD-4C4F-AE51-74204B86087C}.Devel|x86.Build.0 = Debug|Any CPU
		{E04E5FB2-58CD-4C4F-AE51-74204B86087C}.Release|Any CPU.ActiveCfg = Release|Any CPU
		{E04E5FB2-58CD-4C4F-AE51-74204B86087C}.Release|Any CPU.Build.0 = Release|Any CPU
		{E04E5FB2-58CD-4C4F-AE51-74204B86087C}.Release|Mixed Platforms.ActiveCfg = Release|Any CPU
		{E04E5FB2-58CD-4C4F-AE51-74204B86087C}.Release|Mixed Platforms.Build.0 = Release|Any CPU
		{E04E5FB2-58CD-4C4F-AE51-74204B86087C}.Release|Win32.ActiveCfg = Release|Any CPU
		{E04E5FB2-58CD-4C4F-AE51-74204B86087C}.Release|Win32.Build.0 = Release|Any CPU
		{E04E5FB2-58CD-4C4F-AE51-74204B86087C}.Release|x64.ActiveCfg = Release|Any CPU
		{E04E5FB2-58CD-4C4F-AE51-74204B86087C}.Release|x64.Build.0 = Release|Any CPU
		{E04E5FB2-58CD-4C4F-AE51-74204B86087C}.Release|x86.ActiveCfg = Release|Any CPU
		{E04E5FB2-58CD-4C4F-AE51-74204B86087C}.Release|x86.Build.0 = Release|Any CPU
		{D6430557-CFA0-4A45-9C4F-369F3DF8665A}.Debug|Any CPU.ActiveCfg = Release|Any CPU
		{D6430557-CFA0-4A45-9C4F-369F3DF8665A}.Debug|Any CPU.Build.0 = Release|Any CPU
		{D6430557-CFA0-4A45-9C4F-369F3DF8665A}.Debug|Mixed Platforms.ActiveCfg = Release|Any CPU
		{D6430557-CFA0-4A45-9C4F-369F3DF8665A}.Debug|Mixed Platforms.Build.0 = Release|Any CPU
		{D6430557-CFA0-4A45-9C4F-369F3DF8665A}.Debug|Win32.ActiveCfg = Release|Any CPU
		{D6430557-CFA0-4A45-9C4F-369F3DF8665A}.Debug|Win32.Build.0 = Release|Any CPU
		{D6430557-CFA0-4A45-9C4F-369F3DF8665A}.Debug|x64.ActiveCfg = Release|Any CPU
		{D6430557-CFA0-4A45-9C4F-369F3DF8665A}.Debug|x64.Build.0 = Release|Any CPU
		{D6430557-CFA0-4A45-9C4F-369F3DF8665A}.Debug|x86.ActiveCfg = Release|Any CPU
		{D6430557-CFA0-4A45-9C4F-369F3DF8665A}.Debug|x86.Build.0 = Release|Any CPU
		{D6430557-CFA0-4A45-9C4F-369F3DF8665A}.Devel|Any CPU.ActiveCfg = Debug|Any CPU
		{D6430557-CFA0-4A45-9C4F-369F3DF8665A}.Devel|Any CPU.Build.0 = Debug|Any CPU
		{D6430557-CFA0-4A45-9C4F-369F3DF8665A}.Devel|Mixed Platforms.ActiveCfg = Debug|Any CPU
		{D6430557-CFA0-4A45-9C4F-369F3DF8665A}.Devel|Mixed Platforms.Build.0 = Debug|Any CPU
		{D6430557-CFA0-4A45-9C4F-369F3DF8665A}.Devel|Win32.ActiveCfg = Debug|Any CPU
		{D6430557-CFA0-4A45-9C4F-369F3DF8665A}.Devel|Win32.Build.0 = Debug|Any CPU
		{D6430557-CFA0-4A45-9C4F-369F3DF8665A}.Devel|x64.ActiveCfg = Debug|Any CPU
		{D6430557-CFA0-4A45-9C4F-369F3DF8665A}.Devel|x64.Build.0 = Debug|Any CPU
		{D6430557-CFA0-4A45-9C4F-369F3DF8665A}.Devel|x86.ActiveCfg = Debug|Any CPU
		{D6430557-CFA0-4A45-9C4F-369F3DF8665A}.Devel|x86.Build.0 = Debug|Any CPU
		{D6430557-CFA0-4A45-9C4F-369F3DF8665A}.Release|Any CPU.ActiveCfg = Release|Any CPU
		{D6430557-CFA0-4A45-9C4F-369F3DF8665A}.Release|Any CPU.Build.0 = Release|Any CPU
		{D6430557-CFA0-4A45-9C4F-369F3DF8665A}.Release|Mixed Platforms.ActiveCfg = Release|Any CPU
		{D6430557-CFA0-4A45-9C4F-369F3DF8665A}.Release|Mixed Platforms.Build.0 = Release|Any CPU
		{D6430557-CFA0-4A45-9C4F-369F3DF8665A}.Release|Win32.ActiveCfg = Release|Any CPU
		{D6430557-CFA0-4A45-9C4F-369F3DF8665A}.Release|Win32.Build.0 = Release|Any CPU
		{D6430557-CFA0-4A45-9C4F-369F3DF8665A}.Release|x64.ActiveCfg = Release|Any CPU
		{D6430557-CFA0-4A45-9C4F-369F3DF8665A}.Release|x64.Build.0 = Release|Any CPU
		{D6430557-CFA0-4A45-9C4F-369F3DF8665A}.Release|x86.ActiveCfg = Release|Any CPU
		{D6430557-CFA0-4A45-9C4F-369F3DF8665A}.Release|x86.Build.0 = Release|Any CPU
		{843A5BF0-10DA-49AF-AC6A-28F32E7E8B18}.Debug|Any CPU.ActiveCfg = Release|Any CPU
		{843A5BF0-10DA-49AF-AC6A-28F32E7E8B18}.Debug|Any CPU.Build.0 = Release|Any CPU
		{843A5BF0-10DA-49AF-AC6A-28F32E7E8B18}.Debug|Mixed Platforms.ActiveCfg = Release|Any CPU
		{843A5BF0-10DA-49AF-AC6A-28F32E7E8B18}.Debug|Mixed Platforms.Build.0 = Release|Any CPU
		{843A5BF0-10DA-49AF-AC6A-28F32E7E8B18}.Debug|Win32.ActiveCfg = Release|Any CPU
		{843A5BF0-10DA-49AF-AC6A-28F32E7E8B18}.Debug|Win32.Build.0 = Release|Any CPU
		{843A5BF0-10DA-49AF-AC6A-28F32E7E8B18}.Debug|x64.ActiveCfg = Release|Any CPU
		{843A5BF0-10DA-49AF-AC6A-28F32E7E8B18}.Debug|x64.Build.0 = Release|Any CPU
		{843A5BF0-10DA-49AF-AC6A-28F32E7E8B18}.Debug|x86.ActiveCfg = Release|Any CPU
		{843A5BF0-10DA-49AF-AC6A-28F32E7E8B18}.Debug|x86.Build.0 = Release|Any CPU
		{843A5BF0-10DA-49AF-AC6A-28F32E7E8B18}.Devel|Any CPU.ActiveCfg = Debug|Any CPU
		{843A5BF0-10DA-49AF-AC6A-28F32E7E8B18}.Devel|Any CPU.Build.0 = Debug|Any CPU
		{843A5BF0-10DA-49AF-AC6A-28F32E7E8B18}.Devel|Mixed Platforms.ActiveCfg = Debug|Any CPU
		{843A5BF0-10DA-49AF-AC6A-28F32E7E8B18}.Devel|Mixed Platforms.Build.0 = Debug|Any CPU
		{843A5BF0-10DA-49AF-AC6A-28F32E7E8B18}.Devel|Win32.ActiveCfg = Debug|Any CPU
		{843A5BF0-10DA-49AF-AC6A-28F32E7E8B18}.Devel|Win32.Build.0 = Debug|Any CPU
		{843A5BF0-10DA-49AF-AC6A-28F32E7E8B18}.Devel|x64.ActiveCfg = Debug|Any CPU
		{843A5BF0-10DA-49AF-AC6A-28F32E7E8B18}.Devel|x64.Build.0 = Debug|Any CPU
		{843A5BF0-10DA-49AF-AC6A-28F32E7E8B18}.Devel|x86.ActiveCfg = Debug|Any CPU
		{843A5BF0-10DA-49AF-AC6A-28F32E7E8B18}.Devel|x86.Build.0 = Debug|Any CPU
		{843A5BF0-10DA-49AF-AC6A-28F32E7E8B18}.Release|Any CPU.ActiveCfg = Release|Any CPU
		{843A5BF0-10DA-49AF-AC6A-28F32E7E8B18}.Release|Any CPU.Build.0 = Release|Any CPU
		{843A5BF0-10DA-49AF-AC6A-28F32E7E8B18}.Release|Mixed Platforms.ActiveCfg = Release|Any CPU
		{843A5BF0-10DA-49AF-AC6A-28F32E7E8B18}.Release|Mixed Platforms.Build.0 = Release|Any CPU
		{843A5BF0-10DA-49AF-AC6A-28F32E7E8B18}.Release|Win32.ActiveCfg = Release|Any CPU
		{843A5BF0-10DA-49AF-AC6A-28F32E7E8B18}.Release|Win32.Build.0 = Release|Any CPU
		{843A5BF0-10DA-49AF-AC6A-28F32E7E8B18}.Release|x64.ActiveCfg = Release|Any CPU
		{843A5BF0-10DA-49AF-AC6A-28F32E7E8B18}.Release|x64.Build.0 = Release|Any CPU
		{843A5BF0-10DA-49AF-AC6A-28F32E7E8B18}.Release|x86.ActiveCfg = Release|Any CPU
		{843A5BF0-10DA-49AF-AC6A-28F32E7E8B18}.Release|x86.Build.0 = Release|Any CPU
		{1C49DC3D-04B9-4A92-93BF-7AD60F27509D}.Debug|Any CPU.ActiveCfg = Release|Any CPU
		{1C49DC3D-04B9-4A92-93BF-7AD60F27509D}.Debug|Any CPU.Build.0 = Release|Any CPU
		{1C49DC3D-04B9-4A92-93BF-7AD60F27509D}.Debug|Mixed Platforms.ActiveCfg = Release|Any CPU
		{1C49DC3D-04B9-4A92-93BF-7AD60F27509D}.Debug|Mixed Platforms.Build.0 = Release|Any CPU
		{1C49DC3D-04B9-4A92-93BF-7AD60F27509D}.Debug|Win32.ActiveCfg = Release|Any CPU
		{1C49DC3D-04B9-4A92-93BF-7AD60F27509D}.Debug|Win32.Build.0 = Release|Any CPU
		{1C49DC3D-04B9-4A92-93BF-7AD60F27509D}.Debug|x64.ActiveCfg = Release|Any CPU
		{1C49DC3D-04B9-4A92-93BF-7AD60F27509D}.Debug|x64.Build.0 = Release|Any CPU
		{1C49DC3D-04B9-4A92-93BF-7AD60F27509D}.Debug|x86.ActiveCfg = Release|Any CPU
		{1C49DC3D-04B9-4A92-93BF-7AD60F27509D}.Debug|x86.Build.0 = Release|Any CPU
		{1C49DC3D-04B9-4A92-93BF-7AD60F27509D}.Devel|Any CPU.ActiveCfg = Debug|Any CPU
		{1C49DC3D-04B9-4A92-93BF-7AD60F27509D}.Devel|Any CPU.Build.0 = Debug|Any CPU
		{1C49DC3D-04B9-4A92-93BF-7AD60F27509D}.Devel|Mixed Platforms.ActiveCfg = Debug|Any CPU
		{1C49DC3D-04B9-4A92-93BF-7AD60F27509D}.Devel|Mixed Platforms.Build.0 = Debug|Any CPU
		{1C49DC3D-04B9-4A92-93BF-7AD60F27509D}.Devel|Win32.ActiveCfg = Debug|Any CPU
		{1C49DC3D-04B9-4A92-93BF-7AD60F27509D}.Devel|Win32.Build.0 = Debug|Any CPU
		{1C49DC3D-04B9-4A92-93BF-7AD60F27509D}.Devel|x64.ActiveCfg = Debug|Any CPU
		{1C49DC3D-04B9-4A92-93BF-7AD60F27509D}.Devel|x64.Build.0 = Debug|Any CPU
		{1C49DC3D-04B9-4A92-93BF-7AD60F27509D}.Devel|x86.ActiveCfg = Debug|Any CPU
		{1C49DC3D-04B9-4A92-93BF-7AD60F27509D}.Devel|x86.Build.0 = Debug|Any CPU
		{1C49DC3D-04B9-4A92-93BF-7AD60F27509D}.Release|Any CPU.ActiveCfg = Release|Any CPU
		{1C49DC3D-04B9-4A92-93BF-7AD60F27509D}.Release|Any CPU.Build.0 = Release|Any CPU
		{1C49DC3D-04B9-4A92-93BF-7AD60F27509D}.Release|Mixed Platforms.ActiveCfg = Release|Any CPU
		{1C49DC3D-04B9-4A92-93BF-7AD60F27509D}.Release|Mixed Platforms.Build.0 = Release|Any CPU
		{1C49DC3D-04B9-4A92-93BF-7AD60F27509D}.Release|Win32.ActiveCfg = Release|Any CPU
		{1C49DC3D-04B9-4A92-93BF-7AD60F27509D}.Release|Win32.Build.0 = Release|Any CPU
		{1C49DC3D-04B9-4A92-93BF-7AD60F27509D}.Release|x64.ActiveCfg = Release|Any CPU
		{1C49DC3D-04B9-4A92-93BF-7AD60F27509D}.Release|x64.Build.0 = Release|Any CPU
		{1C49DC3D-04B9-4A92-93BF-7AD60F27509D}.Release|x86.ActiveCfg = Release|Any CPU
		{1C49DC3D-04B9-4A92-93BF-7AD60F27509D}.Release|x86.Build.0 = Release|Any CPU
		{7ACEA7A9-ADCC-43AF-B2FB-9CAFC5A6CE69}.Debug|Any CPU.ActiveCfg = Release|Win32
		{7ACEA7A9-ADCC-43AF-B2FB-9CAFC5A6CE69}.Debug|Any CPU.Build.0 = Release|Win32
		{7ACEA7A9-ADCC-43AF-B2FB-9CAFC5A6CE69}.Debug|Mixed Platforms.ActiveCfg = Release|Win32
		{7ACEA7A9-ADCC-43AF-B2FB-9CAFC5A6CE69}.Debug|Mixed Platforms.Build.0 = Release|Win32
		{7ACEA7A9-ADCC-43AF-B2FB-9CAFC5A6CE69}.Debug|Win32.ActiveCfg = Release|Win32
		{7ACEA7A9-ADCC-43AF-B2FB-9CAFC5A6CE69}.Debug|Win32.Build.0 = Release|Win32
		{7ACEA7A9-ADCC-43AF-B2FB-9CAFC5A6CE69}.Debug|x64.ActiveCfg = Release|Win32
		{7ACEA7A9-ADCC-43AF-B2FB-9CAFC5A6CE69}.Debug|x64.Build.0 = Release|Win32
		{7ACEA7A9-ADCC-43AF-B2FB-9CAFC5A6CE69}.Debug|x86.ActiveCfg = Release|Win32
		{7ACEA7A9-ADCC-43AF-B2FB-9CAFC5A6CE69}.Debug|x86.Build.0 = Release|Win32
		{7ACEA7A9-ADCC-43AF-B2FB-9CAFC5A6CE69}.Devel|Any CPU.ActiveCfg = Release|x64
		{7ACEA7A9-ADCC-43AF-B2FB-9CAFC5A6CE69}.Devel|Any CPU.Build.0 = Release|x64
		{7ACEA7A9-ADCC-43AF-B2FB-9CAFC5A6CE69}.Devel|Mixed Platforms.ActiveCfg = Debug|Win32
		{7ACEA7A9-ADCC-43AF-B2FB-9CAFC5A6CE69}.Devel|Mixed Platforms.Build.0 = Debug|Win32
		{7ACEA7A9-ADCC-43AF-B2FB-9CAFC5A6CE69}.Devel|Win32.ActiveCfg = Debug|Win32
		{7ACEA7A9-ADCC-43AF-B2FB-9CAFC5A6CE69}.Devel|Win32.Build.0 = Debug|Win32
		{7ACEA7A9-ADCC-43AF-B2FB-9CAFC5A6CE69}.Devel|x64.ActiveCfg = Debug|x64
		{7ACEA7A9-ADCC-43AF-B2FB-9CAFC5A6CE69}.Devel|x64.Build.0 = Debug|x64
		{7ACEA7A9-ADCC-43AF-B2FB-9CAFC5A6CE69}.Devel|x86.ActiveCfg = Debug|Win32
		{7ACEA7A9-ADCC-43AF-B2FB-9CAFC5A6CE69}.Devel|x86.Build.0 = Debug|Win32
		{7ACEA7A9-ADCC-43AF-B2FB-9CAFC5A6CE69}.Release|Any CPU.ActiveCfg = Release|Win32
		{7ACEA7A9-ADCC-43AF-B2FB-9CAFC5A6CE69}.Release|Any CPU.Build.0 = Release|Win32
		{7ACEA7A9-ADCC-43AF-B2FB-9CAFC5A6CE69}.Release|Mixed Platforms.ActiveCfg = Release|Win32
		{7ACEA7A9-ADCC-43AF-B2FB-9CAFC5A6CE69}.Release|Mixed Platforms.Build.0 = Release|Win32
		{7ACEA7A9-ADCC-43AF-B2FB-9CAFC5A6CE69}.Release|Win32.ActiveCfg = Release|Win32
		{7ACEA7A9-ADCC-43AF-B2FB-9CAFC5A6CE69}.Release|Win32.Build.0 = Release|Win32
		{7ACEA7A9-ADCC-43AF-B2FB-9CAFC5A6CE69}.Release|x64.ActiveCfg = Release|Win32
		{7ACEA7A9-ADCC-43AF-B2FB-9CAFC5A6CE69}.Release|x64.Build.0 = Release|Win32
		{7ACEA7A9-ADCC-43AF-B2FB-9CAFC5A6CE69}.Release|x86.ActiveCfg = Release|Win32
		{7ACEA7A9-ADCC-43AF-B2FB-9CAFC5A6CE69}.Release|x86.Build.0 = Release|Win32
		{E5FE1E52-6785-4F5B-8303-7B18121DEF21}.Debug|Any CPU.ActiveCfg = Debug|Win32
		{E5FE1E52-6785-4F5B-8303-7B18121DEF21}.Debug|Mixed Platforms.ActiveCfg = Debug|Win32
		{E5FE1E52-6785-4F5B-8303-7B18121DEF21}.Debug|Mixed Platforms.Build.0 = Debug|Win32
		{E5FE1E52-6785-4F5B-8303-7B18121DEF21}.Debug|Win32.ActiveCfg = Debug|Win32
		{E5FE1E52-6785-4F5B-8303-7B18121DEF21}.Debug|Win32.Build.0 = Debug|Win32
		{E5FE1E52-6785-4F5B-8303-7B18121DEF21}.Debug|x64.ActiveCfg = Debug|x64
		{E5FE1E52-6785-4F5B-8303-7B18121DEF21}.Debug|x64.Build.0 = Debug|x64
		{E5FE1E52-6785-4F5B-8303-7B18121DEF21}.Debug|x86.ActiveCfg = Debug|Win32
		{E5FE1E52-6785-4F5B-8303-7B18121DEF21}.Debug|x86.Build.0 = Debug|Win32
		{E5FE1E52-6785-4F5B-8303-7B18121DEF21}.Devel|Any CPU.ActiveCfg = Devel|Win32
		{E5FE1E52-6785-4F5B-8303-7B18121DEF21}.Devel|Mixed Platforms.ActiveCfg = Devel|Win32
		{E5FE1E52-6785-4F5B-8303-7B18121DEF21}.Devel|Mixed Platforms.Build.0 = Devel|Win32
		{E5FE1E52-6785-4F5B-8303-7B18121DEF21}.Devel|Win32.ActiveCfg = Devel|Win32
		{E5FE1E52-6785-4F5B-8303-7B18121DEF21}.Devel|Win32.Build.0 = Devel|Win32
		{E5FE1E52-6785-4F5B-8303-7B18121DEF21}.Devel|x64.ActiveCfg = Devel|x64
		{E5FE1E52-6785-4F5B-8303-7B18121DEF21}.Devel|x64.Build.0 = Devel|x64
		{E5FE1E52-6785-4F5B-8303-7B18121DEF21}.Devel|x86.ActiveCfg = Devel|Win32
		{E5FE1E52-6785-4F5B-8303-7B18121DEF21}.Devel|x86.Build.0 = Devel|Win32
		{E5FE1E52-6785-4F5B-8303-7B18121DEF21}.Release|Any CPU.ActiveCfg = Release|Win32
		{E5FE1E52-6785-4F5B-8303-7B18121DEF21}.Release|Mixed Platforms.ActiveCfg = Release|Win32
		{E5FE1E52-6785-4F5B-8303-7B18121DEF21}.Release|Mixed Platforms.Build.0 = Release|Win32
		{E5FE1E52-6785-4F5B-8303-7B18121DEF21}.Release|Win32.ActiveCfg = Release|Win32
		{E5FE1E52-6785-4F5B-8303-7B18121DEF21}.Release|Win32.Build.0 = Release|Win32
		{E5FE1E52-6785-4F5B-8303-7B18121DEF21}.Release|x64.ActiveCfg = Release|x64
		{E5FE1E52-6785-4F5B-8303-7B18121DEF21}.Release|x64.Build.0 = Release|x64
		{E5FE1E52-6785-4F5B-8303-7B18121DEF21}.Release|x86.ActiveCfg = Release|Win32
		{E5FE1E52-6785-4F5B-8303-7B18121DEF21}.Release|x86.Build.0 = Release|Win32
		{901F6437-2BCB-493B-B6EC-4F5483F62468}.Debug|Any CPU.ActiveCfg = Debug|Any CPU
		{901F6437-2BCB-493B-B6EC-4F5483F62468}.Debug|Any CPU.Build.0 = Debug|Any CPU
		{901F6437-2BCB-493B-B6EC-4F5483F62468}.Debug|Mixed Platforms.ActiveCfg = Debug|Any CPU
		{901F6437-2BCB-493B-B6EC-4F5483F62468}.Debug|Mixed Platforms.Build.0 = Debug|Any CPU
		{901F6437-2BCB-493B-B6EC-4F5483F62468}.Debug|Win32.ActiveCfg = Debug|Any CPU
		{901F6437-2BCB-493B-B6EC-4F5483F62468}.Debug|Win32.Build.0 = Debug|Any CPU
		{901F6437-2BCB-493B-B6EC-4F5483F62468}.Debug|x64.ActiveCfg = Debug|Any CPU
		{901F6437-2BCB-493B-B6EC-4F5483F62468}.Debug|x64.Build.0 = Debug|Any CPU
		{901F6437-2BCB-493B-B6EC-4F5483F62468}.Debug|x86.ActiveCfg = Debug|Any CPU
		{901F6437-2BCB-493B-B6EC-4F5483F62468}.Debug|x86.Build.0 = Debug|Any CPU
		{901F6437-2BCB-493B-B6EC-4F5483F62468}.Devel|Any CPU.ActiveCfg = Debug|Any CPU
		{901F6437-2BCB-493B-B6EC-4F5483F62468}.Devel|Any CPU.Build.0 = Debug|Any CPU
		{901F6437-2BCB-493B-B6EC-4F5483F62468}.Devel|Mixed Platforms.ActiveCfg = Debug|Any CPU
		{901F6437-2BCB-493B-B6EC-4F5483F62468}.Devel|Mixed Platforms.Build.0 = Debug|Any CPU
		{901F6437-2BCB-493B-B6EC-4F5483F62468}.Devel|Win32.ActiveCfg = Debug|Any CPU
		{901F6437-2BCB-493B-B6EC-4F5483F62468}.Devel|Win32.Build.0 = Debug|Any CPU
		{901F6437-2BCB-493B-B6EC-4F5483F62468}.Devel|x64.ActiveCfg = Debug|Any CPU
		{901F6437-2BCB-493B-B6EC-4F5483F62468}.Devel|x64.Build.0 = Debug|Any CPU
		{901F6437-2BCB-493B-B6EC-4F5483F62468}.Devel|x86.ActiveCfg = Debug|Any CPU
		{901F6437-2BCB-493B-B6EC-4F5483F62468}.Devel|x86.Build.0 = Debug|Any CPU
		{901F6437-2BCB-493B-B6EC-4F5483F62468}.Release|Any CPU.ActiveCfg = Release|Any CPU
		{901F6437-2BCB-493B-B6EC-4F5483F62468}.Release|Any CPU.Build.0 = Release|Any CPU
		{901F6437-2BCB-493B-B6EC-4F5483F62468}.Release|Mixed Platforms.ActiveCfg = Release|Any CPU
		{901F6437-2BCB-493B-B6EC-4F5483F62468}.Release|Mixed Platforms.Build.0 = Release|Any CPU
		{901F6437-2BCB-493B-B6EC-4F5483F62468}.Release|Win32.ActiveCfg = Release|Any CPU
		{901F6437-2BCB-493B-B6EC-4F5483F62468}.Release|Win32.Build.0 = Release|Any CPU
		{901F6437-2BCB-493B-B6EC-4F5483F62468}.Release|x64.ActiveCfg = Release|Any CPU
		{901F6437-2BCB-493B-B6EC-4F5483F62468}.Release|x64.Build.0 = Release|Any CPU
		{901F6437-2BCB-493B-B6EC-4F5483F62468}.Release|x86.ActiveCfg = Release|Any CPU
		{901F6437-2BCB-493B-B6EC-4F5483F62468}.Release|x86.Build.0 = Release|Any CPU
		{E897E5F8-5CD3-488E-8055-F6F1B08913AF}.Debug|Any CPU.ActiveCfg = Debug|Any CPU
		{E897E5F8-5CD3-488E-8055-F6F1B08913AF}.Debug|Any CPU.Build.0 = Debug|Any CPU
		{E897E5F8-5CD3-488E-8055-F6F1B08913AF}.Debug|Mixed Platforms.ActiveCfg = Debug|Any CPU
		{E897E5F8-5CD3-488E-8055-F6F1B08913AF}.Debug|Mixed Platforms.Build.0 = Debug|Any CPU
		{E897E5F8-5CD3-488E-8055-F6F1B08913AF}.Debug|Win32.ActiveCfg = Debug|Any CPU
		{E897E5F8-5CD3-488E-8055-F6F1B08913AF}.Debug|Win32.Build.0 = Debug|Any CPU
		{E897E5F8-5CD3-488E-8055-F6F1B08913AF}.Debug|x64.ActiveCfg = Debug|Any CPU
		{E897E5F8-5CD3-488E-8055-F6F1B08913AF}.Debug|x64.Build.0 = Debug|Any CPU
		{E897E5F8-5CD3-488E-8055-F6F1B08913AF}.Debug|x86.ActiveCfg = Debug|Any CPU
		{E897E5F8-5CD3-488E-8055-F6F1B08913AF}.Debug|x86.Build.0 = Debug|Any CPU
		{E897E5F8-5CD3-488E-8055-F6F1B08913AF}.Devel|Any CPU.ActiveCfg = Debug|Any CPU
		{E897E5F8-5CD3-488E-8055-F6F1B08913AF}.Devel|Any CPU.Build.0 = Debug|Any CPU
		{E897E5F8-5CD3-488E-8055-F6F1B08913AF}.Devel|Mixed Platforms.ActiveCfg = Debug|Any CPU
		{E897E5F8-5CD3-488E-8055-F6F1B08913AF}.Devel|Mixed Platforms.Build.0 = Debug|Any CPU
		{E897E5F8-5CD3-488E-8055-F6F1B08913AF}.Devel|Win32.ActiveCfg = Debug|Any CPU
		{E897E5F8-5CD3-488E-8055-F6F1B08913AF}.Devel|Win32.Build.0 = Debug|Any CPU
		{E897E5F8-5CD3-488E-8055-F6F1B08913AF}.Devel|x64.ActiveCfg = Debug|Any CPU
		{E897E5F8-5CD3-488E-8055-F6F1B08913AF}.Devel|x64.Build.0 = Debug|Any CPU
		{E897E5F8-5CD3-488E-8055-F6F1B08913AF}.Devel|x86.ActiveCfg = Debug|Any CPU
		{E897E5F8-5CD3-488E-8055-F6F1B08913AF}.Devel|x86.Build.0 = Debug|Any CPU
		{E897E5F8-5CD3-488E-8055-F6F1B08913AF}.Release|Any CPU.ActiveCfg = Release|Any CPU
		{E897E5F8-5CD3-488E-8055-F6F1B08913AF}.Release|Any CPU.Build.0 = Release|Any CPU
		{E897E5F8-5CD3-488E-8055-F6F1B08913AF}.Release|Mixed Platforms.ActiveCfg = Release|Any CPU
		{E897E5F8-5CD3-488E-8055-F6F1B08913AF}.Release|Mixed Platforms.Build.0 = Release|Any CPU
		{E897E5F8-5CD3-488E-8055-F6F1B08913AF}.Release|Win32.ActiveCfg = Release|Any CPU
		{E897E5F8-5CD3-488E-8055-F6F1B08913AF}.Release|Win32.Build.0 = Release|Any CPU
		{E897E5F8-5CD3-488E-8055-F6F1B08913AF}.Release|x64.ActiveCfg = Release|Any CPU
		{E897E5F8-5CD3-488E-8055-F6F1B08913AF}.Release|x64.Build.0 = Release|Any CPU
		{E897E5F8-5CD3-488E-8055-F6F1B08913AF}.Release|x86.ActiveCfg = Release|Any CPU
		{E897E5F8-5CD3-488E-8055-F6F1B08913AF}.Release|x86.Build.0 = Release|Any CPU
	EndGlobalSection
	GlobalSection(SolutionProperties) = preSolution
		HideSolutionNode = FALSE
	EndGlobalSection
	GlobalSection(NestedProjects) = preSolution
		{54274E51-C75B-41E3-B9FC-6A94ACBB055A} = {6EE2F598-B863-4B84-AC95-0D3A56DFB5D8}
		{741ABBCC-4160-4102-BC16-16CEFB5D44BD} = {6EE2F598-B863-4B84-AC95-0D3A56DFB5D8}
	EndGlobalSection
	GlobalSection(ExtensibilityGlobals) = postSolution
		SolutionGuid = {896C25E8-4D66-4CE9-8B18-E32F01BBF6D9}
	EndGlobalSection
EndGlobal
